{
  "version": 1,
  "dependencies": {
    "net9.0": {
      "dnlib": {
        "type": "Direct",
        "requested": "[4.4.0, )",
        "resolved": "4.4.0",
        "contentHash": "cKHI720q+zfEEvzklWVGt6B0TH3AibAyJbpUJl4U6KvTP13tycfnqJpkGHRZ/oQ45BTIoIxIwltHIJVDN+iCqQ=="
      },
      "Meziantou.Analyzer": {
        "type": "Direct",
        "requested": "[2.0.186, )",
        "resolved": "2.0.186",
        "contentHash": "PE8c9opHuUWLNqnZTN/KQC9oIfD/ZtsQ25sHF7/og4KfIRVnN4mgiyYw5NwCp8YPGapLoduIxuyQAcic6Eqcjg=="
      },
      "Roslynator.Analyzers": {
        "type": "Direct",
        "requested": "[4.12.11, )",
        "resolved": "4.12.11",
        "contentHash": "yvsRYT5EVtcT+V8ZW+5cxd1O9Sgf8PbC7DlQL/T5NA4g5yjaFe+WQ7evpy92Lj29m2E+XayBsO2TnCWKZlPWaA=="
      },
      "Sentry": {
        "type": "Direct",
        "requested": "[5.1.0, )",
        "resolved": "5.1.0",
        "contentHash": "G9ynQGBc937yO+TFda09WQfTHKiwqVN8pgtM7LU6o2ciu8WVAE8IceSW0olp6nI9nWj99DtV/KAS2OKGK4B+Vg=="
      },
      "Sentry.Profiling": {
        "type": "Direct",
        "requested": "[5.1.0, )",
        "resolved": "5.1.0",
        "contentHash": "KKWy5sTbcN4WYMKLTbzhdK0HqJyBIjcn2JmWCTqaP8tU9pGEvk/ACeiohgE4S0Hkkx8CudwzHzKiKaklTrds6w==",
        "dependencies": {
          "Microsoft.Diagnostics.NETCore.Client": "0.2.510501",
          "Sentry": "5.1.0"
        }
      },
      "Sentry.Serilog": {
        "type": "Direct",
        "requested": "[5.1.0, )",
        "resolved": "5.1.0",
        "contentHash": "f+sQc3XogVUJWS+NqoDFJEtUfwsE7QWQvqUYSf9GbJt2DGDGni4KbsoG08jcFe0FZIr7imHB/yaTCx1DAhVuaw==",
        "dependencies": {
          "Sentry": "5.1.0",
          "Serilog": "2.10.0"
        }
      },
      "Serilog": {
        "type": "Direct",
        "requested": "[4.2.0, )",
        "resolved": "4.2.0",
        "contentHash": "gmoWVOvKgbME8TYR+gwMf7osROiWAURterc6Rt2dQyX7wtjZYpqFiA/pY6ztjGQKKV62GGCyOcmtP1UKMHgSmA=="
      },
      "SixLabors.Fonts": {
        "type": "Direct",
        "requested": "[2.1.2, )",
        "resolved": "2.1.2",
        "contentHash": "UGl99i9hCJ4MXLaoGw2aq8nklIL/31QcRU7oqQza4AqCg54XojtIIRczj9aO7zJPDGF+XoA3yJ6X1NOfhZOrWA=="
      },
      "SixLabors.ImageSharp": {
        "type": "Direct",
        "requested": "[3.1.6, )",
        "resolved": "3.1.6",
        "contentHash": "dHQ5jugF9v+5/LCVHCWVzaaIL6WOehqJy6eju/0VFYFPEj2WtqkGPoEV9EVQP83dHsdoqYaTuWpZdwAd37UwfA=="
      },
      "SixLabors.ImageSharp.Drawing": {
        "type": "Direct",
        "requested": "[2.1.5, )",
        "resolved": "2.1.5",
        "contentHash": "cER1JfvshYDmTxw+gUy/x5e1xoNWhrD6s3AFf8rRUx9hWSXYdOFreQfUrM/QooMj0rF7+hkVtvGnV3EdMx4dxA==",
        "dependencies": {
          "SixLabors.Fonts": "2.0.8",
          "SixLabors.ImageSharp": "3.1.6"
        }
      },
      "StyleCop.Analyzers": {
        "type": "Direct",
        "requested": "[1.2.0-beta.556, )",
        "resolved": "1.2.0-beta.556",
        "contentHash": "llRPgmA1fhC0I0QyFLEcjvtM2239QzKr/tcnbsjArLMJxJlu0AA5G7Fft0OI30pHF3MW63Gf4aSSsjc5m82J1Q==",
        "dependencies": {
          "StyleCop.Analyzers.Unstable": "1.2.0.556"
        }
      },
      "System.Management": {
        "type": "Direct",
        "requested": "[9.0.1, )",
        "resolved": "9.0.1",
        "contentHash": "CLEo9O6FuO4GQ3ZQkGssg9CJ2w2TN7GMFf3wHTc7YVWJV4xoyJRPw+XIDQnCcSUJCrHhrAWOO60cAX29EV5LFQ==",
        "dependencies": {
          "System.CodeDom": "9.0.1"
        }
      },
      "Microsoft.Diagnostics.NETCore.Client": {
        "type": "Transitive",
        "resolved": "0.2.510501",
        "contentHash": "juoqJYMDs+lRrrZyOkXXMImJHneCF23cuvO4waFRd2Ds7j+ZuGIPbJm0Y/zz34BdeaGiiwGWraMUlln05W1PCQ==",
        "dependencies": {
          "Microsoft.Extensions.Logging": "6.0.0"
        }
      },
      "Microsoft.Extensions.DependencyInjection": {
        "type": "Transitive",
        "resolved": "6.0.0",
        "contentHash": "k6PWQMuoBDGGHOQTtyois2u4AwyVcIwL2LaSLlTZQm2CYcJ1pxbt6jfAnpWmzENA/wfrYRI/X9DTLoUkE4AsLw==",
        "dependencies": {
          "Microsoft.Extensions.DependencyInjection.Abstractions": "6.0.0",
          "System.Runtime.CompilerServices.Unsafe": "6.0.0"
        }
      },
      "Microsoft.Extensions.DependencyInjection.Abstractions": {
        "type": "Transitive",
        "resolved": "6.0.0",
        "contentHash": "xlzi2IYREJH3/m6+lUrQlujzX8wDitm4QGnUu6kUXTQAWPuZY8i+ticFJbzfqaetLA6KR/rO6Ew/HuYD+bxifg=="
      },
      "Microsoft.Extensions.Logging": {
        "type": "Transitive",
        "resolved": "6.0.0",
        "contentHash": "eIbyj40QDg1NDz0HBW0S5f3wrLVnKWnDJ/JtZ+yJDFnDj90VoPuoPmFkeaXrtu+0cKm5GRAwoDf+dBWXK0TUdg==",
        "dependencies": {
          "Microsoft.Extensions.DependencyInjection": "6.0.0",
          "Microsoft.Extensions.DependencyInjection.Abstractions": "6.0.0",
          "Microsoft.Extensions.Logging.Abstractions": "6.0.0",
          "Microsoft.Extensions.Options": "6.0.0",
          "System.Diagnostics.DiagnosticSource": "6.0.0"
        }
      },
      "Microsoft.Extensions.Logging.Abstractions": {
        "type": "Transitive",
        "resolved": "6.0.0",
        "contentHash": "/HggWBbTwy8TgebGSX5DBZ24ndhzi93sHUBDvP1IxbZD7FDokYzdAr6+vbWGjw2XAfR2EJ1sfKUotpjHnFWPxA=="
      },
      "Microsoft.Extensions.Options": {
        "type": "Transitive",
        "resolved": "6.0.0",
        "contentHash": "dzXN0+V1AyjOe2xcJ86Qbo233KHuLEY0njf/P2Kw8SfJU+d45HNS2ctJdnEnrWbM9Ye2eFgaC5Mj9otRMU6IsQ==",
        "dependencies": {
          "Microsoft.Extensions.DependencyInjection.Abstractions": "6.0.0",
          "Microsoft.Extensions.Primitives": "6.0.0"
        }
      },
      "Microsoft.Extensions.Primitives": {
        "type": "Transitive",
        "resolved": "6.0.0",
        "contentHash": "9+PnzmQFfEFNR9J2aDTfJGGupShHjOuGw4VUv+JB044biSHrnmCIMD+mJHmb2H7YryrfBEXDurxQ47gJZdCKNQ==",
        "dependencies": {
          "System.Runtime.CompilerServices.Unsafe": "6.0.0"
        }
      },
      "StyleCop.Analyzers.Unstable": {
        "type": "Transitive",
        "resolved": "1.2.0.556",
        "contentHash": "zvn9Mqs/ox/83cpYPignI8hJEM2A93s2HkHs8HYMOAQW0PkampyoErAiIyKxgTLqbbad29HX/shv/6LGSjPJNQ=="
      },
      "System.CodeDom": {
        "type": "Transitive",
        "resolved": "9.0.1",
        "contentHash": "2J5uq+2smnj+u1jlyVJ6BGGqaK9fHcK/EwN7mbsuPqTI6dZr86br8Cg6o/5B+icQ9ANTvTDpJjnhDNtYYZijHQ=="
      },
      "System.Diagnostics.DiagnosticSource": {
        "type": "Transitive",
        "resolved": "6.0.0",
        "contentHash": "frQDfv0rl209cKm1lnwTgFPzNigy2EKk1BS3uAvHvlBVKe5cymGyHO+Sj+NLv5VF/AhHsqPIUUwya5oV4CHMUw==",
        "dependencies": {
          "System.Runtime.CompilerServices.Unsafe": "6.0.0"
        }
      },
      "System.Runtime.CompilerServices.Unsafe": {
        "type": "Transitive",
        "resolved": "6.0.0",
        "contentHash": "/iUeP3tq1S0XdNNoMz5C9twLSrM/TH+qElHkXWaPvuNOt+99G75NrV0OS2EqHx5wMN7popYjpc8oTjC1y16DLg=="
      }
    },
    "net9.0/linux-x64": {
      "System.Management": {
        "type": "Direct",
        "requested": "[9.0.1, )",
        "resolved": "9.0.1",
        "contentHash": "CLEo9O6FuO4GQ3ZQkGssg9CJ2w2TN7GMFf3wHTc7YVWJV4xoyJRPw+XIDQnCcSUJCrHhrAWOO60cAX29EV5LFQ==",
        "dependencies": {
          "System.CodeDom": "9.0.1"
        }
      }
    },
    "net9.0/osx-arm64": {
      "System.Management": {
        "type": "Direct",
        "requested": "[9.0.1, )",
        "resolved": "9.0.1",
        "contentHash": "CLEo9O6FuO4GQ3ZQkGssg9CJ2w2TN7GMFf3wHTc7YVWJV4xoyJRPw+XIDQnCcSUJCrHhrAWOO60cAX29EV5LFQ==",
        "dependencies": {
          "System.CodeDom": "9.0.1"
        }
      }
    },
    "net9.0/osx-x64": {
      "System.Management": {
        "type": "Direct",
        "requested": "[9.0.1, )",
        "resolved": "9.0.1",
        "contentHash": "CLEo9O6FuO4GQ3ZQkGssg9CJ2w2TN7GMFf3wHTc7YVWJV4xoyJRPw+XIDQnCcSUJCrHhrAWOO60cAX29EV5LFQ==",
        "dependencies": {
          "System.CodeDom": "9.0.1"
        }
      }
    },
    "net9.0/win-x64": {
      "System.Management": {
        "type": "Direct",
        "requested": "[9.0.1, )",
        "resolved": "9.0.1",
        "contentHash": "CLEo9O6FuO4GQ3ZQkGssg9CJ2w2TN7GMFf3wHTc7YVWJV4xoyJRPw+XIDQnCcSUJCrHhrAWOO60cAX29EV5LFQ==",
        "dependencies": {
          "System.CodeDom": "9.0.1"
        }
      }
    }
  }
}