{
  "version": 1,
  "dependencies": {
    "net10.0": {
      "Avalonia": {
        "type": "Direct",
        "requested": "[11.2.8, )",
        "resolved": "11.2.8",
        "contentHash": "zvrffaxj4Jl8yhJ74jrHRTJG2EJM2j9LyXbw2FVk3jhU35Zq7JP+NIBHNW6FCMS1L+bCsrt750wNVjqWPFAYaQ==",
        "dependencies": {
          "Avalonia.BuildServices": "0.0.31",
          "Avalonia.Remote.Protocol": "11.2.8",
          "MicroCom.Runtime": "0.11.0"
        }
      },
      "Avalonia.Desktop": {
        "type": "Direct",
        "requested": "[11.2.8, )",
        "resolved": "11.2.8",
        "contentHash": "qQ+9tqS0Wgl8vkBRlOwD+3Cg+iaa5yH/z1gpTjuUcqlr6MrOQvmAHEjTpbfwFM98983UVVq5DIhTKMlHOnx0jA==",
        "dependencies": {
          "Avalonia": "11.2.8",
          "Avalonia.Native": "11.2.8",
          "Avalonia.Skia": "11.2.8",
          "Avalonia.Win32": "11.2.8",
          "Avalonia.X11": "11.2.8"
        }
      },
      "Avalonia.Diagnostics": {
        "type": "Direct",
        "requested": "[11.2.8, )",
        "resolved": "11.2.8",
        "contentHash": "E6hLOMp9w1lmM15gM676lNczItQsWKKAkZXckVnukWl2uQPMUCKrmXmfO8Zp8xH8rdbigr1x7YT/ZUt6elwPfA==",
        "dependencies": {
          "Avalonia": "11.2.8",
          "Avalonia.Controls.ColorPicker": "11.2.8",
          "Avalonia.Controls.DataGrid": "11.2.8",
          "Avalonia.Themes.Simple": "11.2.8"
        }
      },
      "Avalonia.Fonts.Inter": {
        "type": "Direct",
        "requested": "[11.2.8, )",
        "resolved": "11.2.8",
        "contentHash": "A9XKjksoHC+rBbgZBGqN9rLH/9MiaQZHJg5toS+R4CeTqXwF608p1/ZdNM3GUogfDvlwUmdqhX/NHrbz5LNLqg==",
        "dependencies": {
          "Avalonia": "11.2.8"
        }
      },
      "Avalonia.Themes.Fluent": {
        "type": "Direct",
        "requested": "[11.2.8, )",
        "resolved": "11.2.8",
        "contentHash": "tbx3/YEskdM2YAfy4V1kvYxHlD8zuWgCUCs1ICubH1GaAVwuVBvRsWy4EhiG/Pm2msPGwsnB1BZM6itJmicwFA==",
        "dependencies": {
          "Avalonia": "11.2.8"
        }
      },
      "CommunityToolkit.Mvvm": {
        "type": "Direct",
        "requested": "[8.4.0, )",
        "resolved": "8.4.0",
        "contentHash": "tqVU8yc/ADO9oiTRyTnwhFN68hCwvkliMierptWOudIAvWY1mWCh5VFh+guwHJmpMwfg0J0rY+yyd5Oy7ty9Uw=="
      },
      "Projektanker.Icons.Avalonia": {
        "type": "Direct",
        "requested": "[9.6.2, )",
        "resolved": "9.6.2",
        "contentHash": "AFPMAp41KvbZCpvo5uS83KVFVVDe6nfWSSmefeP3MBDT1eZosKObcXhNI1BAyt4CDPAaB7dUWaOPAYanzk5ybQ==",
        "dependencies": {
          "Avalonia": "11.2.8"
        }
      },
      "Projektanker.Icons.Avalonia.FontAwesome": {
        "type": "Direct",
        "requested": "[9.6.2, )",
        "resolved": "9.6.2",
        "contentHash": "mFDatxzoIUvBIHtPo45kX2sufhp+qf6L3I5WT/shUXrfbKbvIff4dtfjqFWCK2Z3RH31l0I9L7UHY5VLYsqX2g==",
        "dependencies": {
          "Projektanker.Icons.Avalonia": "9.6.2"
        }
      },
      "Avalonia.Angle.Windows.Natives": {
        "type": "Transitive",
        "resolved": "2.1.22045.20230930",
        "contentHash": "Bo3qOhKC1b84BIhiogndMdAzB3UrrESKK7hS769f5HWeoMw/pcd42US5KFYW2JJ4ZSTrXnP8mXwLTMzh+S+9Lg=="
      },
      "Avalonia.BuildServices": {
        "type": "Transitive",
        "resolved": "0.0.31",
        "contentHash": "KmCN6Hc+45q4OnF10ge450yVUvWuxU6bdQiyKqiSvrHKpahNrEdk0kG6Ip6GHk2SKOCttGQuA206JVdkldEENg=="
      },
      "Avalonia.Controls.ColorPicker": {
        "type": "Transitive",
        "resolved": "11.2.8",
        "contentHash": "AWUoXLK9l8WnlXS+7VvjNXKK31C7Mkj/c4c7FWiyLqPEerjO6fJmAVasNN/8hkzyc1uPadqup8ya9XiEhoudxg==",
        "dependencies": {
          "Avalonia": "11.2.8",
          "Avalonia.Remote.Protocol": "11.2.8"
        }
      },
      "Avalonia.Controls.DataGrid": {
        "type": "Transitive",
        "resolved": "11.2.8",
        "contentHash": "qrHnurYxbIn5rSLrBkhGvfWTxORwPR4abyH8fG7L/IE9QRoMdqr4aLsA4WRc8KiaKr9e/krGB2WpK7goAbkd/Q==",
        "dependencies": {
          "Avalonia": "11.2.8",
          "Avalonia.Remote.Protocol": "11.2.8"
        }
      },
      "Avalonia.FreeDesktop": {
        "type": "Transitive",
        "resolved": "11.2.8",
        "contentHash": "KokdEXdNyQBK/YYYXuld0uPyyWcNuSoUMl71LHSJZJWdkT7DufeSHuGVYSyGXp1SXe7zs2IJveySwFJdg2Ke7Q==",
        "dependencies": {
          "Avalonia": "11.2.8",
          "Tmds.DBus.Protocol": "0.20.0"
        }
      },
      "Avalonia.Native": {
        "type": "Transitive",
        "resolved": "11.2.8",
        "contentHash": "MGezqfzOJhrFZkv71+2CpGQ3bymDacdaB7UWpsgZdI5afuBfVg3ZX3rao+OipLsdswY3HsM2F+QoDP1preFomQ==",
        "dependencies": {
          "Avalonia": "11.2.8"
        }
      },
      "Avalonia.Remote.Protocol": {
        "type": "Transitive",
        "resolved": "11.2.8",
        "contentHash": "fAa9bIHct0X7roDO0hIp41t6VRAeNWMkmTV8T3sqdG88IukJBKmeWPLXMlOZ86kIU5V8M3KKtMmb1HNysdDACA=="
      },
      "Avalonia.Skia": {
        "type": "Transitive",
        "resolved": "11.2.8",
        "contentHash": "OJZWn8dKETeU/Z3kYUZKf9lFpe+BCUHYWAeUxA/8AuT483C/xXnJbLjb8TVfruXNZippHqI0l+U43Z0lybkXbg==",
        "dependencies": {
          "Avalonia": "11.2.8",
          "HarfBuzzSharp": "7.3.0.3",
          "HarfBuzzSharp.NativeAssets.Linux": "7.3.0.3",
          "HarfBuzzSharp.NativeAssets.WebAssembly": "7.3.0.3",
          "SkiaSharp": "2.88.9",
          "SkiaSharp.NativeAssets.Linux": "2.88.9",
          "SkiaSharp.NativeAssets.WebAssembly": "2.88.9"
        }
      },
      "Avalonia.Themes.Simple": {
        "type": "Transitive",
        "resolved": "11.2.8",
        "contentHash": "x4QslA33tCmjZEosu1leUoDvCUPFX0YsDwAiSiKmfG2Gr98wqbx25C5avgwYmu4SmGsW65t6DabEgxWFwZ48oA==",
        "dependencies": {
          "Avalonia": "11.2.8"
        }
      },
      "Avalonia.Win32": {
        "type": "Transitive",
        "resolved": "11.2.8",
        "contentHash": "6N1f+iy+vGYjRJV2ZIBogTSk5NQBhOUN1eKbVX5wq4v4UngXu1Wt1vWnMHZnxalWwkxQAiRGzYaHH/qgHSQBaw==",
        "dependencies": {
          "Avalonia": "11.2.8",
          "Avalonia.Angle.Windows.Natives": "2.1.22045.20230930"
        }
      },
      "Avalonia.X11": {
        "type": "Transitive",
        "resolved": "11.2.8",
        "contentHash": "wTFj/CKWqD16LkhfwUlFeNtpH7cErMQUr03F+0NMVtEiNJRFRprvII4TsQXGAmBkpLUfMU8x9g9szYx+s7hMsw==",
        "dependencies": {
          "Avalonia": "11.2.8",
          "Avalonia.FreeDesktop": "11.2.8",
          "Avalonia.Skia": "11.2.8"
        }
      },
      "BouncyCastle.Cryptography": {
        "type": "Transitive",
        "resolved": "2.6.2",
        "contentHash": "7oWOcvnntmMKNzDLsdxAYqApt+AjpRpP2CShjMfIa3umZ42UQMvH0tl1qAliYPNYO6vTdcGMqnRrCPmsfzTI1w=="
      },
      "Cottle": {
        "type": "Transitive",
        "resolved": "2.1.0",
        "contentHash": "d49r02/objSu6g6QuKLZtnh2CJOWv2cq6h1v3A5mr3/8MsNST6BYhnDT6Xzum+LMx8fEbU1chF0XYNY4Bgi+7Q=="
      },
      "dnlib": {
        "type": "Transitive",
        "resolved": "4.5.0",
        "contentHash": "YkwstIbjyiJ12uGIAN8oSmImgVFkPHit7MJXPHvJqeKV1DMNqxZWszjHfykgiSs4Y/XmjnZts7pI2/AYme5/uA=="
      },
      "DotMake.CommandLine": {
        "type": "Transitive",
        "resolved": "3.1.0",
        "contentHash": "n9l6n2jl2vZpAWhjt+UGe8dm1t/w1hfcZoldBPSfWWj+5EBMVbMsn3jdWJTww2bdMx4yT3wix4J3GH4qi96LZw==",
        "dependencies": {
          "System.CommandLine": "2.0.0"
        }
      },
      "GenHTTP.Api": {
        "type": "Transitive",
        "resolved": "10.4.1",
        "contentHash": "Qs7EVPhbo5PEd1p9X65e8IdiT9j+7bMLk2eRfH8zSomy43yDVLSHK7s2CvMkt+h5Y4N5iaVMQsdYy0CwXRAeww=="
      },
      "GenHTTP.Core": {
        "type": "Transitive",
        "resolved": "10.4.1",
        "contentHash": "/vX2bdOrlwHU7Az7RDIUvl6anjXzfack3C+ld2NCoqCWyQ/ez9sWMaX1onvLYYDuZvvUCBnhxJ+ImgAn9qkB1A==",
        "dependencies": {
          "GenHTTP.Api": "10.4.1",
          "GenHTTP.Engine.Internal": "10.4.1",
          "GenHTTP.Modules.IO": "10.4.1",
          "GenHTTP.Modules.Layouting": "10.4.1",
          "GenHTTP.Modules.Practices": "10.4.1"
        }
      },
      "GenHTTP.Engine.Internal": {
        "type": "Transitive",
        "resolved": "10.4.1",
        "contentHash": "Ho0F31R5tyJWpH9rBqEJRim85fy7q4Fq7CjN+zlMbpqduSN1RtnEDbOvH+wiK3qZzbVSJjP+JiKcWNRqxrCk/g==",
        "dependencies": {
          "GenHTTP.Api": "10.4.1",
          "GenHTTP.Engine.Shared": "10.4.1",
          "GenHTTP.Modules.IO": "10.4.1",
          "Microsoft.Extensions.ObjectPool": "10.0.1"
        }
      },
      "GenHTTP.Engine.Shared": {
        "type": "Transitive",
        "resolved": "10.4.1",
        "contentHash": "jUYnlZwGxYUBUbsT9qnCap+Fn/NLki/CSmBpLlpfbUG7HzO0J3Q0ib3OxuB0C3kVwJXZLr9rHm93EH1hRKPMYQ==",
        "dependencies": {
          "GenHTTP.Api": "10.4.1",
          "GenHTTP.Modules.ErrorHandling": "10.4.1"
        }
      },
      "GenHTTP.Modules.ApiBrowsing": {
        "type": "Transitive",
        "resolved": "10.4.1",
        "contentHash": "nWXkz6PE52qi0nwu/WY3QcYzrHTK7fbQMgFL3+X+u6FTQJ/8qSYLMyRuekp9Uq+VguvYoccsVG/msgHqLwnaGA==",
        "dependencies": {
          "GenHTTP.Api": "10.4.1",
          "GenHTTP.Modules.IO": "10.4.1",
          "GenHTTP.Modules.Layouting": "10.4.1",
          "GenHTTP.Modules.Pages": "10.4.1"
        }
      },
      "GenHTTP.Modules.ClientCaching": {
        "type": "Transitive",
        "resolved": "10.4.1",
        "contentHash": "3yLnkfFysT9riWkPZxF7DeCvTLq7AWjlEfV7CHIQ77g+o0pjGQLe0LvNNPjsn88T0qs/EUcELNtKttAB0OAdRA==",
        "dependencies": {
          "GenHTTP.Api": "10.4.1",
          "GenHTTP.Modules.IO": "10.4.1"
        }
      },
      "GenHTTP.Modules.Compression": {
        "type": "Transitive",
        "resolved": "10.4.1",
        "contentHash": "MfjMPHKVgtG3J8KFF+yGFJT3yzp+APRDMiwWeRcb1l0o8bo90xgTnhWxMokozT9zEPTmbH/gCMZEkLgZO8Deeg==",
        "dependencies": {
          "GenHTTP.Api": "10.4.1",
          "ZstdSharp.Port": "0.8.6"
        }
      },
      "GenHTTP.Modules.Controllers": {
        "type": "Transitive",
        "resolved": "10.4.1",
        "contentHash": "QBmGPZbjZsvj0gcqIq77kN0ldMrNbJ8OfjXiNP+SrE8xZdF44LkAeT/Q9IfVhyzzELBLm8DX8fdeTUC5Yy1TjA==",
        "dependencies": {
          "GenHTTP.Api": "10.4.1",
          "GenHTTP.Modules.Conversion": "10.4.1",
          "GenHTTP.Modules.Layouting": "10.4.1",
          "GenHTTP.Modules.Reflection": "10.4.1"
        }
      },
      "GenHTTP.Modules.Conversion": {
        "type": "Transitive",
        "resolved": "10.4.1",
        "contentHash": "E/iuFqijBUqM2D1HGeP+lVuji6VGqi3/IZggGtigdnmYNiaI1LSATdLkPgCZJoSwSi6N1ZQ0SS53K585oWu+Tw==",
        "dependencies": {
          "GenHTTP.Api": "10.4.1",
          "GenHTTP.Modules.IO": "10.4.1",
          "YamlDotNet": "16.3.0"
        }
      },
      "GenHTTP.Modules.ErrorHandling": {
        "type": "Transitive",
        "resolved": "10.4.1",
        "contentHash": "V9jfBMu1k99qwY7+yz2/xS3PUMu/JcCRyEs6t09jjWD5ZOOB35VuZFeziibMFNaxXwrS2yA4Qmpk1YlBfW7CAQ==",
        "dependencies": {
          "GenHTTP.Api": "10.4.1",
          "GenHTTP.Modules.Conversion": "10.4.1",
          "GenHTTP.Modules.Pages": "10.4.1"
        }
      },
      "GenHTTP.Modules.IO": {
        "type": "Transitive",
        "resolved": "10.4.1",
        "contentHash": "h0+6xXEkn+DvAEzuRfVOPo1l6Anw22IxRjK2szwrdDYmLHkhtmSrVSyrAFFXw8m0yDdJmVFP1N/J5YNF0VwWBw==",
        "dependencies": {
          "GenHTTP.Api": "10.4.1"
        }
      },
      "GenHTTP.Modules.Layouting": {
        "type": "Transitive",
        "resolved": "10.4.1",
        "contentHash": "epx6SqbaVInf6GkZSmD6JdjuHaTZdPpw7eFjHccnp8aJ6BDJjZr3Hscs8Og/peqz0KMrtHK3KSgBF5qn7038eA==",
        "dependencies": {
          "GenHTTP.Api": "10.4.1",
          "GenHTTP.Modules.Redirects": "10.4.1"
        }
      },
      "GenHTTP.Modules.OpenApi": {
        "type": "Transitive",
        "resolved": "10.4.1",
        "contentHash": "O5s5QQ6RLeVtL7X2FC8kpxokr/Fn3IzXR0LxRIgGgF08vgUHFksknIqUNKUnmlIvtOfRTqgr++Z6apyTwFUJbA==",
        "dependencies": {
          "GenHTTP.Api": "10.4.1",
          "GenHTTP.Modules.Layouting": "10.4.1",
          "GenHTTP.Modules.Reflection": "10.4.1",
          "NSwag.Core": "14.6.3",
          "NSwag.Core.Yaml": "14.6.3",
          "NSwag.Generation": "14.6.3"
        }
      },
      "GenHTTP.Modules.Pages": {
        "type": "Transitive",
        "resolved": "10.4.1",
        "contentHash": "810ek9LM2/+G5FlZG117xCbjcgsv3gUI2/bpwPgkE7sgPb9ze7wWy/ePVDplD4nLztH+D0mD1OLyf/uRJE2W/A==",
        "dependencies": {
          "Cottle": "2.1.0",
          "GenHTTP.Api": "10.4.1",
          "GenHTTP.Modules.IO": "10.4.1"
        }
      },
      "GenHTTP.Modules.Practices": {
        "type": "Transitive",
        "resolved": "10.4.1",
        "contentHash": "qiO6Ak5Rpj5sYVGzfRSzxwfIhwCnjGveW/7XjOrqfVj03cgkbqyvgHv/pZBy+FZ0jza/5hIScwYAwjjaulCrZg==",
        "dependencies": {
          "GenHTTP.Api": "10.4.1",
          "GenHTTP.Modules.ClientCaching": "10.4.1",
          "GenHTTP.Modules.Compression": "10.4.1",
          "GenHTTP.Modules.IO": "10.4.1",
          "GenHTTP.Modules.Security": "10.4.1"
        }
      },
      "GenHTTP.Modules.Redirects": {
        "type": "Transitive",
        "resolved": "10.4.1",
        "contentHash": "QeQTllsHW0cu+w9hIT5cbAejX8T2idXE4rkhcuDEqYdbcsTYyB1Hqi986LIN+aSXi4KwyYp26ZonZSSqtVuWZg==",
        "dependencies": {
          "GenHTTP.Api": "10.4.1",
          "GenHTTP.Modules.IO": "10.4.1"
        }
      },
      "GenHTTP.Modules.Reflection": {
        "type": "Transitive",
        "resolved": "10.4.1",
        "contentHash": "CY0sOedPfHI3TDngyNLH0mkhLCr0E1P/XaSvX7IdCRs0nQwwxdXKzxeUPCWglEtSn7/7iyo/teTs6Vnmu9LI1w==",
        "dependencies": {
          "GenHTTP.Api": "10.4.1",
          "GenHTTP.Modules.Conversion": "10.4.1",
          "GenHTTP.Modules.IO": "10.4.1",
          "GenHTTP.Modules.Pages": "10.4.1",
          "Microsoft.CodeAnalysis.CSharp": "5.0.0"
        }
      },
      "GenHTTP.Modules.Security": {
        "type": "Transitive",
        "resolved": "10.4.1",
        "contentHash": "UtzgQRzy6Cv0rA+ppcEqMBTGleDa3GzlCBjwEuSUbdzNLGMgXNhzKwPcBon6ylNA4UgKTlM8CbwGqfpFuroVpA==",
        "dependencies": {
          "GenHTTP.Api": "10.4.1",
          "GenHTTP.Modules.IO": "10.4.1",
          "GenHTTP.Modules.Redirects": "10.4.1"
        }
      },
      "GenHTTP.Modules.Webservices": {
        "type": "Transitive",
        "resolved": "10.4.1",
        "contentHash": "E6ex6SIHJfKjp9l3t6kvDmBae/rIF/uMwwTER2wc/zNdNU0NE0nhWe7+G6Q+/ezGoV0a7ibB24i6dcIkrLEEWg==",
        "dependencies": {
          "GenHTTP.Api": "10.4.1",
          "GenHTTP.Modules.Conversion": "10.4.1",
          "GenHTTP.Modules.IO": "10.4.1",
          "GenHTTP.Modules.Layouting": "10.4.1",
          "GenHTTP.Modules.Reflection": "10.4.1"
        }
      },
      "HarfBuzzSharp": {
        "type": "Transitive",
        "resolved": "7.3.0.3",
        "contentHash": "Hq+5+gx10coOvuRgB13KBwiWxJq1QeYuhtVLbA01ZCWaugOnolUahF44KvrQTUUHDNk/C7HB6SMaebsZeOdhgg==",
        "dependencies": {
          "HarfBuzzSharp.NativeAssets.Win32": "7.3.0.3",
          "HarfBuzzSharp.NativeAssets.macOS": "7.3.0.3"
        }
      },
      "HarfBuzzSharp.NativeAssets.Linux": {
        "type": "Transitive",
        "resolved": "7.3.0.3",
        "contentHash": "hkcHeTfOyIeJuPtO/QfoqkDvV/MXebZYaA/Bn/S+nXsjH3Wt9oQ6okH2kklYO+1UUdBSJFd67bi9IrpQXI2mPw==",
        "dependencies": {
          "HarfBuzzSharp": "7.3.0.3"
        }
      },
      "HarfBuzzSharp.NativeAssets.macOS": {
        "type": "Transitive",
        "resolved": "7.3.0.3",
        "contentHash": "UAwIYnkbBTzBJv1Id8FijY/i8QiIepRemSXufU8fyzwWhYJdx4+ajG8yQUie5HW/uusbVLFSr26muSlJOFDgSw=="
      },
      "HarfBuzzSharp.NativeAssets.WebAssembly": {
        "type": "Transitive",
        "resolved": "7.3.0.3",
        "contentHash": "OpheDNp9a3nC6hWNACemWkNEXJ4tWP3Gw9bykw3FbyeEmU2nUDtLIp6VgNnjHAPRMgUs1Kl7m4gJpzVYwC7CZw=="
      },
      "HarfBuzzSharp.NativeAssets.Win32": {
        "type": "Transitive",
        "resolved": "7.3.0.3",
        "contentHash": "RPxRXD16KtSs8Yxr2RK9Qs7AwyN9MlpqZIYs0AvfaJwl7RAtVhC0+u2f2SKwX0uMYYd3O98Z+OBA1sj6aWVKQA=="
      },
      "JetBrains.Annotations": {
        "type": "Transitive",
        "resolved": "2025.2.4",
        "contentHash": "TwbgxAkXxY+vNEhNVx/QXjJ4vqxmepOjsgRvvImQPbHkHMMb4W+ahL3laMsxXKtNT7iMy+E1B3xkqao2hf1n3A=="
      },
      "Lib.Harmony": {
        "type": "Transitive",
        "resolved": "2.4.2",
        "contentHash": "D2X9ojVjqbqdqWVK3VQETrEb56yVoXxtEp6tP5UvW0PP+bA4uJiswqOxF8GhH02ECwyevUa9vwhwdLzyXfksbw=="
      },
      "LibGit2Sharp": {
        "type": "Transitive",
        "resolved": "0.31.0",
        "contentHash": "b3+UfV7LjKMjAHWwl7VawejiOv2gJIC6dTCA/S0puLTHACAA/Oeb5JJmWUQMeyH/T/WR/LaIK8bk2RbdFnrZvg==",
        "dependencies": {
          "LibGit2Sharp.NativeBinaries": "[2.0.323]"
        }
      },
      "LibGit2Sharp.NativeBinaries": {
        "type": "Transitive",
        "resolved": "2.0.323",
        "contentHash": "Kg+fJGWhGj5qRXG0Ilj4ddhuodGXZg57yhfX6OVUDR0M2DKg/UR42/d74+qv5l1qotc1qJilo/ho7xQnULP6yA=="
      },
      "MicroCom.Runtime": {
        "type": "Transitive",
        "resolved": "0.11.0",
        "contentHash": "MEnrZ3UIiH40hjzMDsxrTyi8dtqB5ziv3iBeeU4bXsL/7NLSal9F1lZKpK+tfBRnUoDSdtcW3KufE4yhATOMCA=="
      },
      "Microsoft.CodeAnalysis.Analyzers": {
        "type": "Transitive",
        "resolved": "3.11.0",
        "contentHash": "v/EW3UE8/lbEYHoC2Qq7AR/DnmvpgdtAMndfQNmpuIMx/Mto8L5JnuCfdBYtgvalQOtfNCnxFejxuRrryvUTsg=="
      },
      "Microsoft.CodeAnalysis.Common": {
        "type": "Transitive",
        "resolved": "5.0.0",
        "contentHash": "ZXRAdvH6GiDeHRyd3q/km8Z44RoM6FBWHd+gen/la81mVnAdHTEsEkO5J0TCNXBymAcx5UYKt5TvgKBhaLJEow==",
        "dependencies": {
          "Microsoft.CodeAnalysis.Analyzers": "3.11.0"
        }
      },
      "Microsoft.CodeAnalysis.CSharp": {
        "type": "Transitive",
        "resolved": "5.0.0",
        "contentHash": "5DSyJ9bk+ATuDy7fp2Zt0mJStDVKbBoiz1DyfAwSa+k4H4IwykAUcV3URelw5b8/iVbfSaOwkwmPUZH6opZKCw==",
        "dependencies": {
          "Microsoft.CodeAnalysis.Analyzers": "3.11.0",
          "Microsoft.CodeAnalysis.Common": "[5.0.0]"
        }
      },
      "Microsoft.Diagnostics.NETCore.Client": {
        "type": "Transitive",
        "resolved": "0.2.510501",
        "contentHash": "juoqJYMDs+lRrrZyOkXXMImJHneCF23cuvO4waFRd2Ds7j+ZuGIPbJm0Y/zz34BdeaGiiwGWraMUlln05W1PCQ==",
        "dependencies": {
          "Microsoft.Extensions.Logging": "6.0.0"
        }
      },
      "Microsoft.Extensions.Configuration": {
        "type": "Transitive",
        "resolved": "10.0.2",
        "contentHash": "Lws+o4DFw6p5NquRoYA3d5QVvi49ugNw7TxbW4QGLsL8F1LCCyJqWFy0+RMQ/hzUuS9aKV5NJ/XGAF5N9/RQcQ==",
        "dependencies": {
          "Microsoft.Extensions.Configuration.Abstractions": "10.0.2",
          "Microsoft.Extensions.Primitives": "10.0.2"
        }
      },
      "Microsoft.Extensions.Configuration.Abstractions": {
        "type": "Transitive",
        "resolved": "10.0.2",
        "contentHash": "KC5PslaTDnTuTvyke0KYAVBYdZ7IVTsU3JhHe69BpEbHLcj1YThP3bIGtZNOkZfast2AuLnul5lk4rZKxAdUGQ==",
        "dependencies": {
          "Microsoft.Extensions.Primitives": "10.0.2"
        }
      },
      "Microsoft.Extensions.Configuration.Binder": {
        "type": "Transitive",
        "resolved": "10.0.2",
        "contentHash": "/SdW50prUuenglSy7MXU3eVQkOk4/J4fjc+GIhv4NkTmaZOQyTqpVAYi8nRjNtOKHzCy7g5cSlOSgkbT7clLwQ==",
        "dependencies": {
          "Microsoft.Extensions.Configuration": "10.0.2",
          "Microsoft.Extensions.Configuration.Abstractions": "10.0.2"
        }
      },
      "Microsoft.Extensions.Configuration.FileExtensions": {
        "type": "Transitive",
        "resolved": "10.0.2",
        "contentHash": "6vStNVa/7hcT6VrYvVMGCWUl/QIKwNeQaSGnKw1E4RPpZbQbOjDsATCbrQUa0sFUs7LW8T9aZ2NBKttMz1+WuA==",
        "dependencies": {
          "Microsoft.Extensions.Configuration": "10.0.2",
          "Microsoft.Extensions.Configuration.Abstractions": "10.0.2",
          "Microsoft.Extensions.FileProviders.Abstractions": "10.0.2",
          "Microsoft.Extensions.FileProviders.Physical": "10.0.2",
          "Microsoft.Extensions.Primitives": "10.0.2"
        }
      },
      "Microsoft.Extensions.Configuration.Json": {
        "type": "Transitive",
        "resolved": "10.0.2",
        "contentHash": "ovjOVr+rNxOT249iezwihlPNMaIJdBC6PMGeMnzhkm5EoKJWFjp3mmvtndfHY6A88X4wulXlidMhmjX8v6V/aw==",
        "dependencies": {
          "Microsoft.Extensions.Configuration": "10.0.2",
          "Microsoft.Extensions.Configuration.Abstractions": "10.0.2",
          "Microsoft.Extensions.Configuration.FileExtensions": "10.0.2",
          "Microsoft.Extensions.FileProviders.Abstractions": "10.0.2"
        }
      },
      "Microsoft.Extensions.DependencyInjection": {
        "type": "Transitive",
        "resolved": "6.0.0",
        "contentHash": "k6PWQMuoBDGGHOQTtyois2u4AwyVcIwL2LaSLlTZQm2CYcJ1pxbt6jfAnpWmzENA/wfrYRI/X9DTLoUkE4AsLw==",
        "dependencies": {
          "Microsoft.Extensions.DependencyInjection.Abstractions": "6.0.0"
        }
      },
      "Microsoft.Extensions.DependencyInjection.Abstractions": {
        "type": "Transitive",
        "resolved": "6.0.0",
        "contentHash": "xlzi2IYREJH3/m6+lUrQlujzX8wDitm4QGnUu6kUXTQAWPuZY8i+ticFJbzfqaetLA6KR/rO6Ew/HuYD+bxifg=="
      },
      "Microsoft.Extensions.FileProviders.Abstractions": {
        "type": "Transitive",
        "resolved": "10.0.2",
        "contentHash": "+r/eJ+slW/EmwWmH3En4gzRg1k6+yTqexoHBrMuz5fxsIKJA8MDiSGepjw/ko3XyNqg+w3dxQe+huoVXs5XDJw==",
        "dependencies": {
          "Microsoft.Extensions.Primitives": "10.0.2"
        }
      },
      "Microsoft.Extensions.FileProviders.Physical": {
        "type": "Transitive",
        "resolved": "10.0.2",
        "contentHash": "4+ypApaugtHIz5Q2Z3oC4+erDbOgy0HrMFYS3Nm3qmTXyqK7sU7LJWY9gci99Wcx6j7ivgk8kdCkgmvsA4t0Ow==",
        "dependencies": {
          "Microsoft.Extensions.FileProviders.Abstractions": "10.0.2",
          "Microsoft.Extensions.FileSystemGlobbing": "10.0.2",
          "Microsoft.Extensions.Primitives": "10.0.2"
        }
      },
      "Microsoft.Extensions.FileSystemGlobbing": {
        "type": "Transitive",
        "resolved": "10.0.2",
        "contentHash": "XozoMaWcFIv1tv0LDF+YMeZYjiNiNIewpNdZ3TEoVGf8ROrp0hVoEdUyUBsI8oYGM5U3Z5hiNEv0j2Z5COnMgg=="
      },
      "Microsoft.Extensions.Logging": {
        "type": "Transitive",
        "resolved": "6.0.0",
        "contentHash": "eIbyj40QDg1NDz0HBW0S5f3wrLVnKWnDJ/JtZ+yJDFnDj90VoPuoPmFkeaXrtu+0cKm5GRAwoDf+dBWXK0TUdg==",
        "dependencies": {
          "Microsoft.Extensions.DependencyInjection": "6.0.0",
          "Microsoft.Extensions.DependencyInjection.Abstractions": "6.0.0",
          "Microsoft.Extensions.Logging.Abstractions": "6.0.0",
          "Microsoft.Extensions.Options": "6.0.0"
        }
      },
      "Microsoft.Extensions.Logging.Abstractions": {
        "type": "Transitive",
        "resolved": "6.0.0",
        "contentHash": "/HggWBbTwy8TgebGSX5DBZ24ndhzi93sHUBDvP1IxbZD7FDokYzdAr6+vbWGjw2XAfR2EJ1sfKUotpjHnFWPxA=="
      },
      "Microsoft.Extensions.ObjectPool": {
        "type": "Transitive",
        "resolved": "10.0.1",
        "contentHash": "HqAEbtoAhgvH53c54IV5e4vQ60PYvl7Z/WIHsbet+UGGE7n+7dwVNXw1mb9LZlWbsxnupCevvtgIne5P//ZKpQ=="
      },
      "Microsoft.Extensions.Options": {
        "type": "Transitive",
        "resolved": "6.0.0",
        "contentHash": "dzXN0+V1AyjOe2xcJ86Qbo233KHuLEY0njf/P2Kw8SfJU+d45HNS2ctJdnEnrWbM9Ye2eFgaC5Mj9otRMU6IsQ==",
        "dependencies": {
          "Microsoft.Extensions.DependencyInjection.Abstractions": "6.0.0",
          "Microsoft.Extensions.Primitives": "6.0.0"
        }
      },
      "Microsoft.Extensions.Primitives": {
        "type": "Transitive",
        "resolved": "10.0.2",
        "contentHash": "QmSiO+oLBEooGgB3i0GRXyeYRDHjllqt3k365jwfZlYWhvSHA3UL2NEVV5m8aZa041eIlblo6KMI5txvTMpTwA=="
      },
      "Namotion.Reflection": {
        "type": "Transitive",
        "resolved": "3.4.3",
        "contentHash": "KLk2gLR9f8scM82EiL+p9TONXXPy9+IAZVMzJOA/Wsa7soZD7UJGG6j0fq0D9ZoVnBRRnSeEC7kShhRo3Olgaw=="
      },
      "Newtonsoft.Json": {
        "type": "Transitive",
        "resolved": "13.0.3",
        "contentHash": "HrC5BXdl00IP9zeV+0Z848QWPAoCr9P3bDEZguI+gkLcBKAOxix/tLEAAHC+UvDNPv4a2d18lOReHMOagPa+zQ=="
      },
      "NJsonSchema": {
        "type": "Transitive",
        "resolved": "11.5.2",
        "contentHash": "CAmnt4tnylb82Ro6f2EFIGz8rmThuCsITECUNqGhVEQ5VvxV+XwsTPz6LF58MbvUEV1jVcH+uxxljgM/etgK7A==",
        "dependencies": {
          "NJsonSchema.Annotations": "11.5.2",
          "Namotion.Reflection": "3.4.3",
          "Newtonsoft.Json": "13.0.3"
        }
      },
      "NJsonSchema.Annotations": {
        "type": "Transitive",
        "resolved": "11.5.2",
        "contentHash": "OfYQgNzJZb1r/gR5vza0DbBLxnmcITDhA5CXFuX1qxuP3rRdQMjbIz5VyDVHCU1QxyrfAymzajbh7iszEvyFGQ=="
      },
      "NJsonSchema.NewtonsoftJson": {
        "type": "Transitive",
        "resolved": "11.5.2",
        "contentHash": "2KuhjeP/E/hqixoKRjKUXD56V8gBkEB51gdbTU2gN2AeabCG4gW5YsAUl+ZumFgj0cbEJ7GKdl9IBdeZaLxiTA==",
        "dependencies": {
          "NJsonSchema": "11.5.2",
          "Newtonsoft.Json": "13.0.3"
        }
      },
      "NJsonSchema.Yaml": {
        "type": "Transitive",
        "resolved": "11.5.2",
        "contentHash": "1H835IiOxO5tpqpTN4Ibs0qymHbobHoYr+2K3ZdUVpzwlFDgaGflKmKT+7Hj4cBxKBsNs+MxTeCOEeM+PN1VRw==",
        "dependencies": {
          "NJsonSchema": "11.5.2",
          "YamlDotNet": "16.3.0"
        }
      },
      "NSwag.Core": {
        "type": "Transitive",
        "resolved": "14.6.3",
        "contentHash": "TrX5mbmuoOIUaOs/77Rohu0xir4nKjAVHmVsct7wmnsAI6b0HOYEM9eH9km0VbcNKj0baNQ7qYSKH6KXMkkz0Q==",
        "dependencies": {
          "NJsonSchema": "11.5.2",
          "Namotion.Reflection": "3.4.3",
          "Newtonsoft.Json": "13.0.3"
        }
      },
      "NSwag.Core.Yaml": {
        "type": "Transitive",
        "resolved": "14.6.3",
        "contentHash": "/XVgHvtFaJiGElFG1Wuk9N4AwKzmrD8udUKymDQPoqtvg5L0nSeZsnlRgKwPJq/4vquN51AIGWqB8iK4O3YRHg==",
        "dependencies": {
          "NJsonSchema": "11.5.2",
          "NJsonSchema.Yaml": "11.5.2",
          "NSwag.Core": "14.6.3",
          "Namotion.Reflection": "3.4.3",
          "Newtonsoft.Json": "13.0.3"
        }
      },
      "NSwag.Generation": {
        "type": "Transitive",
        "resolved": "14.6.3",
        "contentHash": "PMeOxbdL9XaSgPN2eZfb9gv1fHEtqMujaXCR/EL2A8JNVicCNZH73iy/IKuhNrTstZdzHp0XMYz1vbIvUKiWvQ==",
        "dependencies": {
          "NJsonSchema": "11.5.2",
          "NJsonSchema.NewtonsoftJson": "11.5.2",
          "NSwag.Core": "14.6.3",
          "Namotion.Reflection": "3.4.3",
          "Newtonsoft.Json": "13.0.3"
        }
      },
      "Sentry": {
        "type": "Transitive",
        "resolved": "6.0.0",
        "contentHash": "KomDnmKInN30NIaf52UsRYCK/QS8cBe1jV+JslxBzys30wPH0Wv0U20YQ2oJ65P0+XLv0JqNHmgAjN1zDy/fzQ=="
      },
      "Sentry.Profiling": {
        "type": "Transitive",
        "resolved": "6.0.0",
        "contentHash": "UR5lOlSANE9vFDWoIyq0+nLy14FX3tUxfa9sXu8EaylZHogYnXnLnXKb3mmYVp+r+MAhxbHmTOF6pxeiamBnvQ==",
        "dependencies": {
          "Microsoft.Diagnostics.NETCore.Client": "0.2.510501",
          "Sentry": "6.0.0"
        }
      },
      "Sentry.Serilog": {
        "type": "Transitive",
        "resolved": "6.0.0",
        "contentHash": "UWrX2lmvHeXVxNr1rHteXjUMcs688vSJtcxhhVO+c09unGEuGpI5JzdKd++lNqmBAL4JOCa3ssBpVHNXqY5i9A==",
        "dependencies": {
          "Sentry": "6.0.0",
          "Serilog": "2.10.0"
        }
      },
      "Serilog": {
        "type": "Transitive",
        "resolved": "4.3.0",
        "contentHash": "+cDryFR0GRhsGOnZSKwaDzRRl4MupvJ42FhCE4zhQRVanX0Jpg6WuCBk59OVhVDPmab1bB+nRykAnykYELA9qQ=="
      },
      "Serilog.Sinks.Console": {
        "type": "Transitive",
        "resolved": "6.1.1",
        "contentHash": "8jbqgjUyZlfCuSTaJk6lOca465OndqOz3KZP6Cryt/IqZYybyBu7GP0fE/AXBzrrQB3EBmQntBFAvMVz1COvAA==",
        "dependencies": {
          "Serilog": "4.0.0"
        }
      },
      "Serilog.Sinks.File": {
        "type": "Transitive",
        "resolved": "7.0.0",
        "contentHash": "fKL7mXv7qaiNBUC71ssvn/dU0k9t0o45+qm2XgKAlSt19xF+ijjxyA3R6HmCgfKEKwfcfkwWjayuQtRueZFkYw==",
        "dependencies": {
          "Serilog": "4.2.0"
        }
      },
      "SixLabors.Fonts": {
        "type": "Transitive",
        "resolved": "2.1.3",
        "contentHash": "ORWbZ5BHrC/LZvo+Y09MnoJq5VUKD85LsYALk+YI7CHFra+m5arCkz00IntDM6SrAiB22bvSdKtKmuCyHOKlqg=="
      },
      "SixLabors.ImageSharp": {
        "type": "Transitive",
        "resolved": "3.1.12",
        "contentHash": "iAg6zifihXEFS/t7fiHhZBGAdCp3FavsF4i2ZIDp0JfeYeDVzvmlbY1CNhhIKimaIzrzSi5M/NBFcWvZT2rB/A=="
      },
      "SixLabors.ImageSharp.Drawing": {
        "type": "Transitive",
        "resolved": "2.1.7",
        "contentHash": "9KwCo9Fa350cx6ckpsy8NqXQZKwir4RQ8Kj0sdCmJA7wsK9FMyfgC527Sn4l/D6bj2ditSHlhS7dGzcgGszvSQ==",
        "dependencies": {
          "SixLabors.Fonts": "2.1.3",
          "SixLabors.ImageSharp": "3.1.11"
        }
      },
      "SkiaSharp": {
        "type": "Transitive",
        "resolved": "2.88.9",
        "contentHash": "3MD5VHjXXieSHCleRLuaTXmL2pD0mB7CcOB1x2kA1I4bhptf4e3R27iM93264ZYuAq6mkUyX5XbcxnZvMJYc1Q==",
        "dependencies": {
          "SkiaSharp.NativeAssets.Win32": "2.88.9",
          "SkiaSharp.NativeAssets.macOS": "2.88.9"
        }
      },
      "SkiaSharp.NativeAssets.Linux": {
        "type": "Transitive",
        "resolved": "2.88.9",
        "contentHash": "cWSaJKVPWAaT/WIn9c8T5uT/l4ETwHxNJTkEOtNKjphNo8AW6TF9O32aRkxqw3l8GUdUo66Bu7EiqtFh/XG0Zg==",
        "dependencies": {
          "SkiaSharp": "2.88.9"
        }
      },
      "SkiaSharp.NativeAssets.macOS": {
        "type": "Transitive",
        "resolved": "2.88.9",
        "contentHash": "Nv5spmKc4505Ep7oUoJ5vp3KweFpeNqxpyGDWyeEPTX2uR6S6syXIm3gj75dM0YJz7NPvcix48mR5laqs8dPuA=="
      },
      "SkiaSharp.NativeAssets.WebAssembly": {
        "type": "Transitive",
        "resolved": "2.88.9",
        "contentHash": "kt06RccBHSnAs2wDYdBSfsjIDbY3EpsOVqnlDgKdgvyuRA8ZFDaHRdWNx1VHjGgYzmnFCGiTJBnXFl5BqGwGnA=="
      },
      "SkiaSharp.NativeAssets.Win32": {
        "type": "Transitive",
        "resolved": "2.88.9",
        "contentHash": "wb2kYgU7iy84nQLYZwMeJXixvK++GoIuECjU4ECaUKNuflyRlJKyiRhN1MAHswvlvzuvkrjRWlK0Za6+kYQK7w=="
      },
      "Spectre.Console": {
        "type": "Transitive",
        "resolved": "0.54.0",
        "contentHash": "StDXCFayfy0yB1xzUHT2tgEpV1/HFTiS4JgsAQS49EYTfMixSwwucaQs/bIOCwXjWwIQTMuxjUIxcB5XsJkFJA=="
      },
      "System.CodeDom": {
        "type": "Transitive",
        "resolved": "10.0.2",
        "contentHash": "eih1MnL4tnSjHUhzae0dmpu50Sm0s54faHZc8yhzYfmubAubkBIIulYYN28fasD1m41mhl6Cenhs9/F0aLv3FA=="
      },
      "System.CommandLine": {
        "type": "Transitive",
        "resolved": "2.0.0",
        "contentHash": "Bjklzc5NoxqAGFi7BcGlY2TWAdB06Bq3a5sfRr3ubMRU80Mf98eyq3Y2UgR6xRV0TLznZmfe5T7mUjOunRNcdA=="
      },
      "System.Management": {
        "type": "Transitive",
        "resolved": "10.0.2",
        "contentHash": "eFftuy3i844lVKCb4lJvvjKfcvPVcW8KrAdSaIOcRL42/Fisj46hwUs8Bky+4avzMe5Snm5t7aSayOI1mybYXg==",
        "dependencies": {
          "System.CodeDom": "10.0.2"
        }
      },
      "Tmds.DBus.Protocol": {
        "type": "Transitive",
        "resolved": "0.20.0",
        "contentHash": "2gkt2kuYPhDKd8gtl34jZSJOnn4nRJfFngCDcTZT/uySbK++ua0YQx2418l9Rn1Y4dE5XNq6zG9ZsE5ltLlNNw=="
      },
      "YamlDotNet": {
        "type": "Transitive",
        "resolved": "16.3.0",
        "contentHash": "SgMOdxbz8X65z8hraIs6hOEdnkH6hESTAIUa7viEngHOYaH+6q5XJmwr1+yb9vJpNQ19hCQY69xbFsLtXpobQA=="
      },
      "ZLinq": {
        "type": "Transitive",
        "resolved": "1.5.4",
        "contentHash": "Ogt0vjeHVPKJFOqcoEeHpBft4b1HD6CnOpeQSHWK2WPq0kMtietggm/2viwW44hdalf4F2mYeyWomDXMw9rv1g=="
      },
      "ZstdSharp.Port": {
        "type": "Transitive",
        "resolved": "0.8.6",
        "contentHash": "iP4jVLQoQmUjMU88g1WObiNr6YKZGvh4aOXn3yOJsHqZsflwRsxZPcIBvNXgjXO3vQKSLctXGLTpcBPLnWPS8A=="
      },
      "ista-patcher": {
        "type": "Project",
        "dependencies": {
          "BouncyCastle.Cryptography": "[2.6.2, )",
          "DotMake.CommandLine": "[3.1.0, )",
          "GenHTTP.Core": "[10.4.1, )",
          "GenHTTP.Modules.ApiBrowsing": "[10.4.1, )",
          "GenHTTP.Modules.Controllers": "[10.4.1, )",
          "GenHTTP.Modules.OpenApi": "[10.4.1, )",
          "GenHTTP.Modules.Webservices": "[10.4.1, )",
          "ISTAlter": "[2.4.0, )",
          "JetBrains.Annotations": "[2025.2.4, )",
          "LibGit2Sharp": "[0.31.0, )",
          "Microsoft.Extensions.Configuration.Abstractions": "[10.0.2, )",
          "Microsoft.Extensions.Configuration.Binder": "[10.0.2, )",
          "Microsoft.Extensions.Configuration.Json": "[10.0.2, )",
          "Sentry": "[6.0.0, )",
          "Sentry.Profiling": "[6.0.0, )",
          "Sentry.Serilog": "[6.0.0, )",
          "Serilog": "[4.3.0, )",
          "Serilog.Sinks.Console": "[6.1.1, )",
          "Serilog.Sinks.File": "[7.0.0, )",
          "Spectre.Console": "[0.54.0, )",
          "ZLinq": "[1.5.4, )"
        }
      },
      "istalter": {
        "type": "Project",
        "dependencies": {
          "Lib.Harmony": "[2.4.2, )",
          "Sentry": "[5.16.2, )",
          "Sentry.Profiling": "[5.16.2, )",
          "Sentry.Serilog": "[5.16.2, )",
          "Serilog": "[4.3.0, )",
          "SixLabors.Fonts": "[2.1.3, )",
          "SixLabors.ImageSharp": "[3.1.12, )",
          "SixLabors.ImageSharp.Drawing": "[2.1.7, )",
          "System.Management": "[10.0.2, )",
          "ZLinq": "[1.5.4, )",
          "dnlib": "[4.5.0, )"
        }
      }
    },
    "net10.0/linux-x64": {
      "Avalonia.Angle.Windows.Natives": {
        "type": "Transitive",
        "resolved": "2.1.22045.20230930",
        "contentHash": "Bo3qOhKC1b84BIhiogndMdAzB3UrrESKK7hS769f5HWeoMw/pcd42US5KFYW2JJ4ZSTrXnP8mXwLTMzh+S+9Lg=="
      },
      "Avalonia.Native": {
        "type": "Transitive",
        "resolved": "11.2.8",
        "contentHash": "MGezqfzOJhrFZkv71+2CpGQ3bymDacdaB7UWpsgZdI5afuBfVg3ZX3rao+OipLsdswY3HsM2F+QoDP1preFomQ==",
        "dependencies": {
          "Avalonia": "11.2.8"
        }
      },
      "HarfBuzzSharp.NativeAssets.Linux": {
        "type": "Transitive",
        "resolved": "7.3.0.3",
        "contentHash": "hkcHeTfOyIeJuPtO/QfoqkDvV/MXebZYaA/Bn/S+nXsjH3Wt9oQ6okH2kklYO+1UUdBSJFd67bi9IrpQXI2mPw==",
        "dependencies": {
          "HarfBuzzSharp": "7.3.0.3"
        }
      },
      "HarfBuzzSharp.NativeAssets.macOS": {
        "type": "Transitive",
        "resolved": "7.3.0.3",
        "contentHash": "UAwIYnkbBTzBJv1Id8FijY/i8QiIepRemSXufU8fyzwWhYJdx4+ajG8yQUie5HW/uusbVLFSr26muSlJOFDgSw=="
      },
      "HarfBuzzSharp.NativeAssets.Win32": {
        "type": "Transitive",
        "resolved": "7.3.0.3",
        "contentHash": "RPxRXD16KtSs8Yxr2RK9Qs7AwyN9MlpqZIYs0AvfaJwl7RAtVhC0+u2f2SKwX0uMYYd3O98Z+OBA1sj6aWVKQA=="
      },
      "LibGit2Sharp.NativeBinaries": {
        "type": "Transitive",
        "resolved": "2.0.323",
        "contentHash": "Kg+fJGWhGj5qRXG0Ilj4ddhuodGXZg57yhfX6OVUDR0M2DKg/UR42/d74+qv5l1qotc1qJilo/ho7xQnULP6yA=="
      },
      "SkiaSharp.NativeAssets.Linux": {
        "type": "Transitive",
        "resolved": "2.88.9",
        "contentHash": "cWSaJKVPWAaT/WIn9c8T5uT/l4ETwHxNJTkEOtNKjphNo8AW6TF9O32aRkxqw3l8GUdUo66Bu7EiqtFh/XG0Zg==",
        "dependencies": {
          "SkiaSharp": "2.88.9"
        }
      },
      "SkiaSharp.NativeAssets.macOS": {
        "type": "Transitive",
        "resolved": "2.88.9",
        "contentHash": "Nv5spmKc4505Ep7oUoJ5vp3KweFpeNqxpyGDWyeEPTX2uR6S6syXIm3gj75dM0YJz7NPvcix48mR5laqs8dPuA=="
      },
      "SkiaSharp.NativeAssets.Win32": {
        "type": "Transitive",
        "resolved": "2.88.9",
        "contentHash": "wb2kYgU7iy84nQLYZwMeJXixvK++GoIuECjU4ECaUKNuflyRlJKyiRhN1MAHswvlvzuvkrjRWlK0Za6+kYQK7w=="
      },
      "System.Management": {
        "type": "Transitive",
        "resolved": "10.0.2",
        "contentHash": "eFftuy3i844lVKCb4lJvvjKfcvPVcW8KrAdSaIOcRL42/Fisj46hwUs8Bky+4avzMe5Snm5t7aSayOI1mybYXg==",
        "dependencies": {
          "System.CodeDom": "10.0.2"
        }
      }
    },
    "net10.0/osx-arm64": {
      "Avalonia.Angle.Windows.Natives": {
        "type": "Transitive",
        "resolved": "2.1.22045.20230930",
        "contentHash": "Bo3qOhKC1b84BIhiogndMdAzB3UrrESKK7hS769f5HWeoMw/pcd42US5KFYW2JJ4ZSTrXnP8mXwLTMzh+S+9Lg=="
      },
      "Avalonia.Native": {
        "type": "Transitive",
        "resolved": "11.2.8",
        "contentHash": "MGezqfzOJhrFZkv71+2CpGQ3bymDacdaB7UWpsgZdI5afuBfVg3ZX3rao+OipLsdswY3HsM2F+QoDP1preFomQ==",
        "dependencies": {
          "Avalonia": "11.2.8"
        }
      },
      "HarfBuzzSharp.NativeAssets.Linux": {
        "type": "Transitive",
        "resolved": "7.3.0.3",
        "contentHash": "hkcHeTfOyIeJuPtO/QfoqkDvV/MXebZYaA/Bn/S+nXsjH3Wt9oQ6okH2kklYO+1UUdBSJFd67bi9IrpQXI2mPw==",
        "dependencies": {
          "HarfBuzzSharp": "7.3.0.3"
        }
      },
      "HarfBuzzSharp.NativeAssets.macOS": {
        "type": "Transitive",
        "resolved": "7.3.0.3",
        "contentHash": "UAwIYnkbBTzBJv1Id8FijY/i8QiIepRemSXufU8fyzwWhYJdx4+ajG8yQUie5HW/uusbVLFSr26muSlJOFDgSw=="
      },
      "HarfBuzzSharp.NativeAssets.Win32": {
        "type": "Transitive",
        "resolved": "7.3.0.3",
        "contentHash": "RPxRXD16KtSs8Yxr2RK9Qs7AwyN9MlpqZIYs0AvfaJwl7RAtVhC0+u2f2SKwX0uMYYd3O98Z+OBA1sj6aWVKQA=="
      },
      "LibGit2Sharp.NativeBinaries": {
        "type": "Transitive",
        "resolved": "2.0.323",
        "contentHash": "Kg+fJGWhGj5qRXG0Ilj4ddhuodGXZg57yhfX6OVUDR0M2DKg/UR42/d74+qv5l1qotc1qJilo/ho7xQnULP6yA=="
      },
      "SkiaSharp.NativeAssets.Linux": {
        "type": "Transitive",
        "resolved": "2.88.9",
        "contentHash": "cWSaJKVPWAaT/WIn9c8T5uT/l4ETwHxNJTkEOtNKjphNo8AW6TF9O32aRkxqw3l8GUdUo66Bu7EiqtFh/XG0Zg==",
        "dependencies": {
          "SkiaSharp": "2.88.9"
        }
      },
      "SkiaSharp.NativeAssets.macOS": {
        "type": "Transitive",
        "resolved": "2.88.9",
        "contentHash": "Nv5spmKc4505Ep7oUoJ5vp3KweFpeNqxpyGDWyeEPTX2uR6S6syXIm3gj75dM0YJz7NPvcix48mR5laqs8dPuA=="
      },
      "SkiaSharp.NativeAssets.Win32": {
        "type": "Transitive",
        "resolved": "2.88.9",
        "contentHash": "wb2kYgU7iy84nQLYZwMeJXixvK++GoIuECjU4ECaUKNuflyRlJKyiRhN1MAHswvlvzuvkrjRWlK0Za6+kYQK7w=="
      },
      "System.Management": {
        "type": "Transitive",
        "resolved": "10.0.2",
        "contentHash": "eFftuy3i844lVKCb4lJvvjKfcvPVcW8KrAdSaIOcRL42/Fisj46hwUs8Bky+4avzMe5Snm5t7aSayOI1mybYXg==",
        "dependencies": {
          "System.CodeDom": "10.0.2"
        }
      }
    },
    "net10.0/osx-x64": {
      "Avalonia.Angle.Windows.Natives": {
        "type": "Transitive",
        "resolved": "2.1.22045.20230930",
        "contentHash": "Bo3qOhKC1b84BIhiogndMdAzB3UrrESKK7hS769f5HWeoMw/pcd42US5KFYW2JJ4ZSTrXnP8mXwLTMzh+S+9Lg=="
      },
      "Avalonia.Native": {
        "type": "Transitive",
        "resolved": "11.2.8",
        "contentHash": "MGezqfzOJhrFZkv71+2CpGQ3bymDacdaB7UWpsgZdI5afuBfVg3ZX3rao+OipLsdswY3HsM2F+QoDP1preFomQ==",
        "dependencies": {
          "Avalonia": "11.2.8"
        }
      },
      "HarfBuzzSharp.NativeAssets.Linux": {
        "type": "Transitive",
        "resolved": "7.3.0.3",
        "contentHash": "hkcHeTfOyIeJuPtO/QfoqkDvV/MXebZYaA/Bn/S+nXsjH3Wt9oQ6okH2kklYO+1UUdBSJFd67bi9IrpQXI2mPw==",
        "dependencies": {
          "HarfBuzzSharp": "7.3.0.3"
        }
      },
      "HarfBuzzSharp.NativeAssets.macOS": {
        "type": "Transitive",
        "resolved": "7.3.0.3",
        "contentHash": "UAwIYnkbBTzBJv1Id8FijY/i8QiIepRemSXufU8fyzwWhYJdx4+ajG8yQUie5HW/uusbVLFSr26muSlJOFDgSw=="
      },
      "HarfBuzzSharp.NativeAssets.Win32": {
        "type": "Transitive",
        "resolved": "7.3.0.3",
        "contentHash": "RPxRXD16KtSs8Yxr2RK9Qs7AwyN9MlpqZIYs0AvfaJwl7RAtVhC0+u2f2SKwX0uMYYd3O98Z+OBA1sj6aWVKQA=="
      },
      "LibGit2Sharp.NativeBinaries": {
        "type": "Transitive",
        "resolved": "2.0.323",
        "contentHash": "Kg+fJGWhGj5qRXG0Ilj4ddhuodGXZg57yhfX6OVUDR0M2DKg/UR42/d74+qv5l1qotc1qJilo/ho7xQnULP6yA=="
      },
      "SkiaSharp.NativeAssets.Linux": {
        "type": "Transitive",
        "resolved": "2.88.9",
        "contentHash": "cWSaJKVPWAaT/WIn9c8T5uT/l4ETwHxNJTkEOtNKjphNo8AW6TF9O32aRkxqw3l8GUdUo66Bu7EiqtFh/XG0Zg==",
        "dependencies": {
          "SkiaSharp": "2.88.9"
        }
      },
      "SkiaSharp.NativeAssets.macOS": {
        "type": "Transitive",
        "resolved": "2.88.9",
        "contentHash": "Nv5spmKc4505Ep7oUoJ5vp3KweFpeNqxpyGDWyeEPTX2uR6S6syXIm3gj75dM0YJz7NPvcix48mR5laqs8dPuA=="
      },
      "SkiaSharp.NativeAssets.Win32": {
        "type": "Transitive",
        "resolved": "2.88.9",
        "contentHash": "wb2kYgU7iy84nQLYZwMeJXixvK++GoIuECjU4ECaUKNuflyRlJKyiRhN1MAHswvlvzuvkrjRWlK0Za6+kYQK7w=="
      },
      "System.Management": {
        "type": "Transitive",
        "resolved": "10.0.2",
        "contentHash": "eFftuy3i844lVKCb4lJvvjKfcvPVcW8KrAdSaIOcRL42/Fisj46hwUs8Bky+4avzMe5Snm5t7aSayOI1mybYXg==",
        "dependencies": {
          "System.CodeDom": "10.0.2"
        }
      }
    },
    "net10.0/win-x64": {
      "Avalonia.Angle.Windows.Natives": {
        "type": "Transitive",
        "resolved": "2.1.22045.20230930",
        "contentHash": "Bo3qOhKC1b84BIhiogndMdAzB3UrrESKK7hS769f5HWeoMw/pcd42US5KFYW2JJ4ZSTrXnP8mXwLTMzh+S+9Lg=="
      },
      "Avalonia.Native": {
        "type": "Transitive",
        "resolved": "11.2.8",
        "contentHash": "MGezqfzOJhrFZkv71+2CpGQ3bymDacdaB7UWpsgZdI5afuBfVg3ZX3rao+OipLsdswY3HsM2F+QoDP1preFomQ==",
        "dependencies": {
          "Avalonia": "11.2.8"
        }
      },
      "HarfBuzzSharp.NativeAssets.Linux": {
        "type": "Transitive",
        "resolved": "7.3.0.3",
        "contentHash": "hkcHeTfOyIeJuPtO/QfoqkDvV/MXebZYaA/Bn/S+nXsjH3Wt9oQ6okH2kklYO+1UUdBSJFd67bi9IrpQXI2mPw==",
        "dependencies": {
          "HarfBuzzSharp": "7.3.0.3"
        }
      },
      "HarfBuzzSharp.NativeAssets.macOS": {
        "type": "Transitive",
        "resolved": "7.3.0.3",
        "contentHash": "UAwIYnkbBTzBJv1Id8FijY/i8QiIepRemSXufU8fyzwWhYJdx4+ajG8yQUie5HW/uusbVLFSr26muSlJOFDgSw=="
      },
      "HarfBuzzSharp.NativeAssets.Win32": {
        "type": "Transitive",
        "resolved": "7.3.0.3",
        "contentHash": "RPxRXD16KtSs8Yxr2RK9Qs7AwyN9MlpqZIYs0AvfaJwl7RAtVhC0+u2f2SKwX0uMYYd3O98Z+OBA1sj6aWVKQA=="
      },
      "LibGit2Sharp.NativeBinaries": {
        "type": "Transitive",
        "resolved": "2.0.323",
        "contentHash": "Kg+fJGWhGj5qRXG0Ilj4ddhuodGXZg57yhfX6OVUDR0M2DKg/UR42/d74+qv5l1qotc1qJilo/ho7xQnULP6yA=="
      },
      "SkiaSharp.NativeAssets.Linux": {
        "type": "Transitive",
        "resolved": "2.88.9",
        "contentHash": "cWSaJKVPWAaT/WIn9c8T5uT/l4ETwHxNJTkEOtNKjphNo8AW6TF9O32aRkxqw3l8GUdUo66Bu7EiqtFh/XG0Zg==",
        "dependencies": {
          "SkiaSharp": "2.88.9"
        }
      },
      "SkiaSharp.NativeAssets.macOS": {
        "type": "Transitive",
        "resolved": "2.88.9",
        "contentHash": "Nv5spmKc4505Ep7oUoJ5vp3KweFpeNqxpyGDWyeEPTX2uR6S6syXIm3gj75dM0YJz7NPvcix48mR5laqs8dPuA=="
      },
      "SkiaSharp.NativeAssets.Win32": {
        "type": "Transitive",
        "resolved": "2.88.9",
        "contentHash": "wb2kYgU7iy84nQLYZwMeJXixvK++GoIuECjU4ECaUKNuflyRlJKyiRhN1MAHswvlvzuvkrjRWlK0Za6+kYQK7w=="
      },
      "System.Management": {
        "type": "Transitive",
        "resolved": "10.0.2",
        "contentHash": "eFftuy3i844lVKCb4lJvvjKfcvPVcW8KrAdSaIOcRL42/Fisj46hwUs8Bky+4avzMe5Snm5t7aSayOI1mybYXg==",
        "dependencies": {
          "System.CodeDom": "10.0.2"
        }
      }
    }
  }
}