{
  "version": 1,
  "dependencies": {
    "net8.0": {
      "CommandLineParser": {
        "type": "Direct",
        "requested": "[2.9.1, )",
        "resolved": "2.9.1",
        "contentHash": "OE0sl1/sQ37bjVsPKKtwQlWDgqaxWgtme3xZz7JssWUzg5JpMIyHgCTY9MVMxOg48fJ1AgGT3tgdH5m/kQ5xhA=="
      },
      "ConsoleTables": {
        "type": "Direct",
        "requested": "[2.6.1, )",
        "resolved": "2.6.1",
        "contentHash": "TyU885plpk88kMxgayy5+QQvtt/t3ZR45+vSvaKqZiaK+YsGVE6Mv7sV3fwjUMv3jHT15DdkpxW/+o+uc+bAJQ=="
      },
      "dnlib": {
        "type": "Direct",
        "requested": "[4.3.0, )",
        "resolved": "4.3.0",
        "contentHash": "aGJ1KzGLV6dsU6gsR5dXfhjcIn0z0YJ29VqysPtHZ8237adtPfO0X2E6eyYehwrzeKMkZKQOdC1VQaHdQQ+yCw=="
      },
      "Microsoft.NET.ILLink.Tasks": {
        "type": "Direct",
        "requested": "[8.0.0, )",
        "resolved": "8.0.0",
        "contentHash": "B3etT5XQ2nlWkZGO2m/ytDYrOmSsQG1XNBaM6ZYlX5Ch/tDrMFadr0/mK6gjZwaQc55g+5+WZMw4Cz3m8VEF7g=="
      },
      "Serilog": {
        "type": "Direct",
        "requested": "[3.1.1, )",
        "resolved": "3.1.1",
        "contentHash": "P6G4/4Kt9bT635bhuwdXlJ2SCqqn2nhh4gqFqQueCOr9bK/e7W9ll/IoX1Ter948cV2Z/5+5v8pAfJYUISY03A=="
      },
      "Serilog.Sinks.Console": {
        "type": "Direct",
        "requested": "[5.0.1, )",
        "resolved": "5.0.1",
        "contentHash": "6Jt8jl9y2ey8VV7nVEUAyjjyxjAQuvd5+qj4XYAT9CwcsvR70HHULGBeD+K2WCALFXf7CFsNQT4lON6qXcu2AA==",
        "dependencies": {
          "Serilog": "3.1.1"
        }
      },
      "StyleCop.Analyzers": {
        "type": "Direct",
        "requested": "[1.2.0-beta.507, )",
        "resolved": "1.2.0-beta.507",
        "contentHash": "/FtugDT66cKJJ+GGH7rNpG6UDrT4iIWz45M6lrXXHobDUFDHw+q5VgkbiR+6ffTO564ge7w6fQh/eoQhVdJO8Q==",
        "dependencies": {
          "StyleCop.Analyzers.Unstable": "1.2.0.507"
        }
      },
      "StyleCop.Analyzers.Unstable": {
        "type": "Transitive",
        "resolved": "1.2.0.507",
        "contentHash": "gTY3IQdRqDJ4hbhSA3e/R48oE8b/OiKfvwkt1QdNVfrJK2gMHBV8ldaHJ885jxWZfllK66soa/sdcjh9bX49Tw=="
      }
    },
    "net8.0/linux-x64": {},
    "net8.0/osx-arm64": {},
    "net8.0/osx-x64": {},
    "net8.0/win-x64": {}
  }
}