{
  "version": 1,
  "dependencies": {
    "net10.0": {
      "BouncyCastle.Cryptography": {
        "type": "Direct",
        "requested": "[2.6.2, )",
        "resolved": "2.6.2",
        "contentHash": "7oWOcvnntmMKNzDLsdxAYqApt+AjpRpP2CShjMfIa3umZ42UQMvH0tl1qAliYPNYO6vTdcGMqnRrCPmsfzTI1w=="
      },
      "DotMake.CommandLine": {
        "type": "Direct",
        "requested": "[3.0.0, )",
        "resolved": "3.0.0",
        "contentHash": "UEE7F4XDlBMGXe9cjUel7H6GTprF6V6FsXfLuSf08mTbLjeOyn8whKp6R2D7UrSeymiFWckII4+wRk+dESe96w==",
        "dependencies": {
          "System.CommandLine": "2.0.0"
        }
      },
      "GenHTTP.Core": {
        "type": "Direct",
        "requested": "[10.1.0, )",
        "resolved": "10.1.0",
        "contentHash": "9mBW3MgJ6khsodynOR1KQnGAZLeifgW3+ZHaulmV6xnzp9kdeeoCMpDd8wZJ2Mq6hwnALbD/V8g1jfbe/59iEw==",
        "dependencies": {
          "GenHTTP.Api": "10.1.0",
          "GenHTTP.Engine.Internal": "10.1.0",
          "GenHTTP.Modules.IO": "10.1.0",
          "GenHTTP.Modules.Layouting": "10.1.0",
          "GenHTTP.Modules.Practices": "10.1.0"
        }
      },
      "GenHTTP.Modules.ApiBrowsing": {
        "type": "Direct",
        "requested": "[10.1.0, )",
        "resolved": "10.1.0",
        "contentHash": "OqOyohZzPVXUY44tyuwZ7a3HyijC4RugTf8aGi4DdJhxzb1EngMVQpih0CYkLmR9XJWVKSMIzC0RKgmy0FQ02Q==",
        "dependencies": {
          "GenHTTP.Api": "10.1.0",
          "GenHTTP.Modules.IO": "10.1.0",
          "GenHTTP.Modules.Layouting": "10.1.0",
          "GenHTTP.Modules.Pages": "10.1.0"
        }
      },
      "GenHTTP.Modules.Controllers": {
        "type": "Direct",
        "requested": "[10.1.0, )",
        "resolved": "10.1.0",
        "contentHash": "x6d5FcvuZ3wmCVvBMMB5+DRXbbrl1iixiN87yC331cogSna02Wm9Tb8hYUVBLKkaHQYhH5Gw24i6r+j4kHzyvg==",
        "dependencies": {
          "GenHTTP.Api": "10.1.0",
          "GenHTTP.Modules.Conversion": "10.1.0",
          "GenHTTP.Modules.Layouting": "10.1.0",
          "GenHTTP.Modules.Reflection": "10.1.0"
        }
      },
      "GenHTTP.Modules.OpenApi": {
        "type": "Direct",
        "requested": "[10.1.0, )",
        "resolved": "10.1.0",
        "contentHash": "36ewu7g+GHmsLy0xbrzdlpcX+jRrue4QBz/SXV8xYiXjH/Yh8TussPeCI2mQ1UpFusJL8VaUP10+VViD4HZD2g==",
        "dependencies": {
          "GenHTTP.Api": "10.1.0",
          "GenHTTP.Modules.Layouting": "10.1.0",
          "GenHTTP.Modules.Reflection": "10.1.0",
          "NSwag.Core": "14.6.2",
          "NSwag.Core.Yaml": "14.6.2",
          "NSwag.Generation": "14.6.2"
        }
      },
      "GenHTTP.Modules.Webservices": {
        "type": "Direct",
        "requested": "[10.1.0, )",
        "resolved": "10.1.0",
        "contentHash": "BKmBzOVmKGiDO3A3YkFOtJ4e0d6Q4VgriM+lIc2ozw8SDpx9oen9jUkW0v8mEGwb+PQusFvwnsjGtuOmB67Mpw==",
        "dependencies": {
          "GenHTTP.Api": "10.1.0",
          "GenHTTP.Modules.Conversion": "10.1.0",
          "GenHTTP.Modules.IO": "10.1.0",
          "GenHTTP.Modules.Layouting": "10.1.0",
          "GenHTTP.Modules.Reflection": "10.1.0"
        }
      },
      "LibGit2Sharp": {
        "type": "Direct",
        "requested": "[0.31.0, )",
        "resolved": "0.31.0",
        "contentHash": "b3+UfV7LjKMjAHWwl7VawejiOv2gJIC6dTCA/S0puLTHACAA/Oeb5JJmWUQMeyH/T/WR/LaIK8bk2RbdFnrZvg==",
        "dependencies": {
          "LibGit2Sharp.NativeBinaries": "[2.0.323]"
        }
      },
      "Microsoft.Extensions.Configuration.Abstractions": {
        "type": "Direct",
        "requested": "[10.0.0, )",
        "resolved": "10.0.0",
        "contentHash": "d2kDKnCsJvY7mBVhcjPSp9BkJk48DsaHPg5u+Oy4f8XaOqnEedRy/USyvnpHL92wpJ6DrTPy7htppUUzskbCXQ==",
        "dependencies": {
          "Microsoft.Extensions.Primitives": "10.0.0"
        }
      },
      "Microsoft.Extensions.Configuration.Binder": {
        "type": "Direct",
        "requested": "[10.0.0, )",
        "resolved": "10.0.0",
        "contentHash": "tMF9wNh+hlyYDWB8mrFCQHQmWHlRosol1b/N2Jrefy1bFLnuTlgSYmPyHNmz8xVQgs7DpXytBRWxGhG+mSTp0g==",
        "dependencies": {
          "Microsoft.Extensions.Configuration": "10.0.0",
          "Microsoft.Extensions.Configuration.Abstractions": "10.0.0"
        }
      },
      "Microsoft.Extensions.Configuration.Json": {
        "type": "Direct",
        "requested": "[10.0.0, )",
        "resolved": "10.0.0",
        "contentHash": "BIOPTEAZoeWbHlDT9Zudu+rpecZizFwhdIFRiyZKDml7JbayXmfTXKUt+ezifsSXfBkWDdJM10oDOxo8pufEng==",
        "dependencies": {
          "Microsoft.Extensions.Configuration": "10.0.0",
          "Microsoft.Extensions.Configuration.Abstractions": "10.0.0",
          "Microsoft.Extensions.Configuration.FileExtensions": "10.0.0",
          "Microsoft.Extensions.FileProviders.Abstractions": "10.0.0"
        }
      },
      "Microsoft.NET.ILLink.Tasks": {
        "type": "Direct",
        "requested": "[10.0.0, )",
        "resolved": "10.0.0",
        "contentHash": "kICGrGYEzCNI3wPzfEXcwNHgTvlvVn9yJDhSdRK+oZQy4jvYH529u7O0xf5ocQKzOMjfS07+3z9PKRIjrFMJDA=="
      },
      "Roslynator.Analyzers": {
        "type": "Direct",
        "requested": "[4.14.1, )",
        "resolved": "4.14.1",
        "contentHash": "yMSjze/xMYDF6PCE60/ULWx0tttNyKAndw2KijNxbKil0FX8nvDeEneDZGma8Uifk17RlfZqIXxf1mmBmhRHjg=="
      },
      "Sentry": {
        "type": "Direct",
        "requested": "[5.16.2, )",
        "resolved": "5.16.2",
        "contentHash": "JZiKizATWdBe4dSdvMhp3d/TiMUug3VvWjiu9ZH5UfTbrwGWYUexZ4ZGdyrIB2GuWlLBUWs3Vi1GFv3pNhRKFg=="
      },
      "Sentry.Profiling": {
        "type": "Direct",
        "requested": "[5.16.2, )",
        "resolved": "5.16.2",
        "contentHash": "fnoSYIuYNKPBG6coLZhy9Dv43DwhflWmq4DTI1YVRyDTOviPXvTkipNIVX47mFeNam3UhYLYhvt0/56wfhO4+Q==",
        "dependencies": {
          "Microsoft.Diagnostics.NETCore.Client": "0.2.510501",
          "Sentry": "5.16.2"
        }
      },
      "Sentry.Serilog": {
        "type": "Direct",
        "requested": "[5.16.2, )",
        "resolved": "5.16.2",
        "contentHash": "U+eW1sFpmPGZZhHrsNtvsz0txEFz032c38OlCxAlbygL0YjRyXnyZnNbXxMHnLR8BpJX1OTPyXSbYJ3dbwBdxA==",
        "dependencies": {
          "Sentry": "5.16.2",
          "Serilog": "2.10.0"
        }
      },
      "Serilog": {
        "type": "Direct",
        "requested": "[4.3.0, )",
        "resolved": "4.3.0",
        "contentHash": "+cDryFR0GRhsGOnZSKwaDzRRl4MupvJ42FhCE4zhQRVanX0Jpg6WuCBk59OVhVDPmab1bB+nRykAnykYELA9qQ=="
      },
      "Serilog.Sinks.Console": {
        "type": "Direct",
        "requested": "[6.1.1, )",
        "resolved": "6.1.1",
        "contentHash": "8jbqgjUyZlfCuSTaJk6lOca465OndqOz3KZP6Cryt/IqZYybyBu7GP0fE/AXBzrrQB3EBmQntBFAvMVz1COvAA==",
        "dependencies": {
          "Serilog": "4.0.0"
        }
      },
      "Serilog.Sinks.File": {
        "type": "Direct",
        "requested": "[7.0.0, )",
        "resolved": "7.0.0",
        "contentHash": "fKL7mXv7qaiNBUC71ssvn/dU0k9t0o45+qm2XgKAlSt19xF+ijjxyA3R6HmCgfKEKwfcfkwWjayuQtRueZFkYw==",
        "dependencies": {
          "Serilog": "4.2.0"
        }
      },
      "Spectre.Console": {
        "type": "Direct",
        "requested": "[0.54.0, )",
        "resolved": "0.54.0",
        "contentHash": "StDXCFayfy0yB1xzUHT2tgEpV1/HFTiS4JgsAQS49EYTfMixSwwucaQs/bIOCwXjWwIQTMuxjUIxcB5XsJkFJA=="
      },
      "StyleCop.Analyzers": {
        "type": "Direct",
        "requested": "[1.2.0-beta.556, )",
        "resolved": "1.2.0-beta.556",
        "contentHash": "llRPgmA1fhC0I0QyFLEcjvtM2239QzKr/tcnbsjArLMJxJlu0AA5G7Fft0OI30pHF3MW63Gf4aSSsjc5m82J1Q==",
        "dependencies": {
          "StyleCop.Analyzers.Unstable": "1.2.0.556"
        }
      },
      "ZLinq": {
        "type": "Direct",
        "requested": "[1.5.4, )",
        "resolved": "1.5.4",
        "contentHash": "Ogt0vjeHVPKJFOqcoEeHpBft4b1HD6CnOpeQSHWK2WPq0kMtietggm/2viwW44hdalf4F2mYeyWomDXMw9rv1g=="
      },
      "Cottle": {
        "type": "Transitive",
        "resolved": "2.1.0",
        "contentHash": "d49r02/objSu6g6QuKLZtnh2CJOWv2cq6h1v3A5mr3/8MsNST6BYhnDT6Xzum+LMx8fEbU1chF0XYNY4Bgi+7Q=="
      },
      "dnlib": {
        "type": "Transitive",
        "resolved": "4.5.0",
        "contentHash": "YkwstIbjyiJ12uGIAN8oSmImgVFkPHit7MJXPHvJqeKV1DMNqxZWszjHfykgiSs4Y/XmjnZts7pI2/AYme5/uA=="
      },
      "GenHTTP.Api": {
        "type": "Transitive",
        "resolved": "10.1.0",
        "contentHash": "QgOOTxSQK9b/RfeII7r7hJfB3gRX2verBsgN9IFx9qe4lSZiLnlZGlhHB818zHl2STIYYEq01eaT3GKSIfODXg=="
      },
      "GenHTTP.Engine.Internal": {
        "type": "Transitive",
        "resolved": "10.1.0",
        "contentHash": "dMTvk6lrFKYO+igvflaSJpDzKJ0hxIiJUENGKYVSyklE9Se+wfMhUtDHCT8iqcLctECC5XGqPmKD0qPEYTNxog==",
        "dependencies": {
          "GenHTTP.Api": "10.1.0",
          "GenHTTP.Engine.Shared": "10.1.0",
          "GenHTTP.Modules.IO": "10.1.0",
          "Microsoft.Extensions.ObjectPool": "10.0.0"
        }
      },
      "GenHTTP.Engine.Shared": {
        "type": "Transitive",
        "resolved": "10.1.0",
        "contentHash": "oToHzmWH/JxiO6DasPAbeARE4YUZL/yAGYdwDzDW1szgql0UdkM79u/e2KQ1oP1ZGsLyjw0zy7IG1wm80SlFRg==",
        "dependencies": {
          "GenHTTP.Api": "10.1.0",
          "GenHTTP.Modules.ErrorHandling": "10.1.0"
        }
      },
      "GenHTTP.Modules.ClientCaching": {
        "type": "Transitive",
        "resolved": "10.1.0",
        "contentHash": "gM6oadEQ5U5+2JlinUODbyoD0U6rB9OpVUpwXoPkulxuMbsklDT7U+j2uei3Co+7Ejpp4VQTtkMNGwZDEaIH3Q==",
        "dependencies": {
          "GenHTTP.Api": "10.1.0",
          "GenHTTP.Modules.IO": "10.1.0"
        }
      },
      "GenHTTP.Modules.Compression": {
        "type": "Transitive",
        "resolved": "10.1.0",
        "contentHash": "I78rKkFZyhEUbkD884wOkLsGO+9yzZcS8ir9TvDKvCrybrmRpmLRGMCCPdAyU+7BHA/SHjw/OJlg81ld/1syXg==",
        "dependencies": {
          "GenHTTP.Api": "10.1.0",
          "ZstdSharp.Port": "0.8.6"
        }
      },
      "GenHTTP.Modules.Conversion": {
        "type": "Transitive",
        "resolved": "10.1.0",
        "contentHash": "qICbC8R8nIzE56Kfs7rl8EpcExoUzT3LKP5pbPlQXRolrNabGGO+dqwZlUn8ASvHTve1gZEVWpMe8mpzJa7qOw==",
        "dependencies": {
          "GenHTTP.Api": "10.1.0",
          "GenHTTP.Modules.IO": "10.1.0",
          "YamlDotNet": "16.3.0"
        }
      },
      "GenHTTP.Modules.ErrorHandling": {
        "type": "Transitive",
        "resolved": "10.1.0",
        "contentHash": "v/d72O6jFY6JWeTscXY1vHUygoL8FdtCVw36huDFJXm2+qm2RZIWikxJeQL8Slg2o4zIzz3PRHjLzSQBspWEaQ==",
        "dependencies": {
          "GenHTTP.Api": "10.1.0",
          "GenHTTP.Modules.Conversion": "10.1.0",
          "GenHTTP.Modules.Pages": "10.1.0"
        }
      },
      "GenHTTP.Modules.IO": {
        "type": "Transitive",
        "resolved": "10.1.0",
        "contentHash": "Az3taFFGNMhkYWm/AZptubfxLp6io1NOhqBUQK7BjldG/9VJlle+2JhMjksuIDG16j2WEAxI5oXeG8QRfP86mw==",
        "dependencies": {
          "GenHTTP.Api": "10.1.0"
        }
      },
      "GenHTTP.Modules.Layouting": {
        "type": "Transitive",
        "resolved": "10.1.0",
        "contentHash": "3JmcBNVNTbB8VTzLdyoHAJpSWw38X1afkHhJETqTN0zmy3nQEGrtghYI73qe14lA8BPPZ95BbS7Apx3pkhtCOg==",
        "dependencies": {
          "GenHTTP.Api": "10.1.0",
          "GenHTTP.Modules.Redirects": "10.1.0"
        }
      },
      "GenHTTP.Modules.Pages": {
        "type": "Transitive",
        "resolved": "10.1.0",
        "contentHash": "ulmXbvgn0/Jpy9BkZ1+hp49mq5Uumr6WUrTgi3MZ+pwzhB3RiWRUjmri+2WNCSjQtr/1VT8nUDjcIXL4KUkAKg==",
        "dependencies": {
          "Cottle": "2.1.0",
          "GenHTTP.Api": "10.1.0",
          "GenHTTP.Modules.IO": "10.1.0"
        }
      },
      "GenHTTP.Modules.Practices": {
        "type": "Transitive",
        "resolved": "10.1.0",
        "contentHash": "B6RRI/R+zKhOy5diKS2JcnVG4t+kazD3HKuL5N3U90DFPDoSxTFTF357ep70o7gsmamLnxzcXC55sLrEw2Lm8A==",
        "dependencies": {
          "GenHTTP.Api": "10.1.0",
          "GenHTTP.Modules.ClientCaching": "10.1.0",
          "GenHTTP.Modules.Compression": "10.1.0",
          "GenHTTP.Modules.IO": "10.1.0",
          "GenHTTP.Modules.Security": "10.1.0"
        }
      },
      "GenHTTP.Modules.Redirects": {
        "type": "Transitive",
        "resolved": "10.1.0",
        "contentHash": "raRXZzEmwZHaNzLvQvbIK9tn8kGGKJkPCRGY9jid2VRogZoO2juCnfM0o78qhMNWgJW46i9XKkyIN0rO6xp1Xw==",
        "dependencies": {
          "GenHTTP.Api": "10.1.0",
          "GenHTTP.Modules.IO": "10.1.0"
        }
      },
      "GenHTTP.Modules.Reflection": {
        "type": "Transitive",
        "resolved": "10.1.0",
        "contentHash": "Xj/8gMXmW/EO9WyCJOBv+9Y5iZug+vqwu9WJApGUEtZAKCllVFpw0dOCer02Ms6erZjiVgE2fdwjvfheW2eSwQ==",
        "dependencies": {
          "GenHTTP.Api": "10.1.0",
          "GenHTTP.Modules.Conversion": "10.1.0",
          "GenHTTP.Modules.IO": "10.1.0"
        }
      },
      "GenHTTP.Modules.Security": {
        "type": "Transitive",
        "resolved": "10.1.0",
        "contentHash": "toilU0E3w+RDUpjYkDboMePQX9aEJ15ufxo5+UY9pbP9NmmZEJYnrIg4JHUCW2GQ25F2az9qENVK/j4c1G0ItA==",
        "dependencies": {
          "GenHTTP.Api": "10.1.0",
          "GenHTTP.Modules.IO": "10.1.0",
          "GenHTTP.Modules.Redirects": "10.1.0"
        }
      },
      "LibGit2Sharp.NativeBinaries": {
        "type": "Transitive",
        "resolved": "2.0.323",
        "contentHash": "Kg+fJGWhGj5qRXG0Ilj4ddhuodGXZg57yhfX6OVUDR0M2DKg/UR42/d74+qv5l1qotc1qJilo/ho7xQnULP6yA=="
      },
      "Microsoft.Diagnostics.NETCore.Client": {
        "type": "Transitive",
        "resolved": "0.2.510501",
        "contentHash": "juoqJYMDs+lRrrZyOkXXMImJHneCF23cuvO4waFRd2Ds7j+ZuGIPbJm0Y/zz34BdeaGiiwGWraMUlln05W1PCQ==",
        "dependencies": {
          "Microsoft.Extensions.Logging": "6.0.0"
        }
      },
      "Microsoft.Extensions.Configuration": {
        "type": "Transitive",
        "resolved": "10.0.0",
        "contentHash": "H4SWETCh/cC5L1WtWchHR6LntGk3rDTTznZMssr4cL8IbDmMWBxY+MOGDc/ASnqNolLKPIWHWeuC1ddiL/iNPw==",
        "dependencies": {
          "Microsoft.Extensions.Configuration.Abstractions": "10.0.0",
          "Microsoft.Extensions.Primitives": "10.0.0"
        }
      },
      "Microsoft.Extensions.Configuration.FileExtensions": {
        "type": "Transitive",
        "resolved": "10.0.0",
        "contentHash": "LqCTyF0twrG4tyEN6PpSC5ewRBDwCBazRUfCOdRddwaQ3n2S57GDDeYOlTLcbV/V2dxSSZWg5Ofr48h6BsBmxw==",
        "dependencies": {
          "Microsoft.Extensions.Configuration": "10.0.0",
          "Microsoft.Extensions.Configuration.Abstractions": "10.0.0",
          "Microsoft.Extensions.FileProviders.Abstractions": "10.0.0",
          "Microsoft.Extensions.FileProviders.Physical": "10.0.0",
          "Microsoft.Extensions.Primitives": "10.0.0"
        }
      },
      "Microsoft.Extensions.DependencyInjection": {
        "type": "Transitive",
        "resolved": "6.0.0",
        "contentHash": "k6PWQMuoBDGGHOQTtyois2u4AwyVcIwL2LaSLlTZQm2CYcJ1pxbt6jfAnpWmzENA/wfrYRI/X9DTLoUkE4AsLw==",
        "dependencies": {
          "Microsoft.Extensions.DependencyInjection.Abstractions": "6.0.0",
          "System.Runtime.CompilerServices.Unsafe": "6.0.0"
        }
      },
      "Microsoft.Extensions.DependencyInjection.Abstractions": {
        "type": "Transitive",
        "resolved": "6.0.0",
        "contentHash": "xlzi2IYREJH3/m6+lUrQlujzX8wDitm4QGnUu6kUXTQAWPuZY8i+ticFJbzfqaetLA6KR/rO6Ew/HuYD+bxifg=="
      },
      "Microsoft.Extensions.FileProviders.Abstractions": {
        "type": "Transitive",
        "resolved": "10.0.0",
        "contentHash": "/ppSdehKk3fuXjlqCDgSOtjRK/pSHU8eWgzSHfHdwVm5BP4Dgejehkw+PtxKG2j98qTDEHDst2Y99aNsmJldmw==",
        "dependencies": {
          "Microsoft.Extensions.Primitives": "10.0.0"
        }
      },
      "Microsoft.Extensions.FileProviders.Physical": {
        "type": "Transitive",
        "resolved": "10.0.0",
        "contentHash": "UZUQ74lQMmvcprlG8w+XpxBbyRDQqfb7GAnccITw32hdkUBlmm9yNC4xl4aR9YjgV3ounZcub194sdmLSfBmPA==",
        "dependencies": {
          "Microsoft.Extensions.FileProviders.Abstractions": "10.0.0",
          "Microsoft.Extensions.FileSystemGlobbing": "10.0.0",
          "Microsoft.Extensions.Primitives": "10.0.0"
        }
      },
      "Microsoft.Extensions.FileSystemGlobbing": {
        "type": "Transitive",
        "resolved": "10.0.0",
        "contentHash": "5hfVl/e+bx1px2UkN+1xXhd3hu7Ui6ENItBzckFaRDQXfr+SHT/7qrCDrlQekCF/PBtEu2vtk87U2+gDEF8EhQ=="
      },
      "Microsoft.Extensions.Logging": {
        "type": "Transitive",
        "resolved": "6.0.0",
        "contentHash": "eIbyj40QDg1NDz0HBW0S5f3wrLVnKWnDJ/JtZ+yJDFnDj90VoPuoPmFkeaXrtu+0cKm5GRAwoDf+dBWXK0TUdg==",
        "dependencies": {
          "Microsoft.Extensions.DependencyInjection": "6.0.0",
          "Microsoft.Extensions.DependencyInjection.Abstractions": "6.0.0",
          "Microsoft.Extensions.Logging.Abstractions": "6.0.0",
          "Microsoft.Extensions.Options": "6.0.0",
          "System.Diagnostics.DiagnosticSource": "6.0.0"
        }
      },
      "Microsoft.Extensions.Logging.Abstractions": {
        "type": "Transitive",
        "resolved": "6.0.0",
        "contentHash": "/HggWBbTwy8TgebGSX5DBZ24ndhzi93sHUBDvP1IxbZD7FDokYzdAr6+vbWGjw2XAfR2EJ1sfKUotpjHnFWPxA=="
      },
      "Microsoft.Extensions.ObjectPool": {
        "type": "Transitive",
        "resolved": "10.0.0",
        "contentHash": "bpeCq0IYmVLACyEUMzFIOQX+zZUElG1t+nu1lSxthe7B+1oNYking7b91305+jNB6iwojp9fqTY9O+Nh7ULQxg=="
      },
      "Microsoft.Extensions.Options": {
        "type": "Transitive",
        "resolved": "6.0.0",
        "contentHash": "dzXN0+V1AyjOe2xcJ86Qbo233KHuLEY0njf/P2Kw8SfJU+d45HNS2ctJdnEnrWbM9Ye2eFgaC5Mj9otRMU6IsQ==",
        "dependencies": {
          "Microsoft.Extensions.DependencyInjection.Abstractions": "6.0.0",
          "Microsoft.Extensions.Primitives": "6.0.0"
        }
      },
      "Microsoft.Extensions.Primitives": {
        "type": "Transitive",
        "resolved": "10.0.0",
        "contentHash": "inRnbpCS0nwO/RuoZIAqxQUuyjaknOOnCEZB55KSMMjRhl0RQDttSmLSGsUJN3RQ3ocf5NDLFd2mOQViHqMK5w=="
      },
      "Namotion.Reflection": {
        "type": "Transitive",
        "resolved": "3.4.3",
        "contentHash": "KLk2gLR9f8scM82EiL+p9TONXXPy9+IAZVMzJOA/Wsa7soZD7UJGG6j0fq0D9ZoVnBRRnSeEC7kShhRo3Olgaw=="
      },
      "Newtonsoft.Json": {
        "type": "Transitive",
        "resolved": "13.0.3",
        "contentHash": "HrC5BXdl00IP9zeV+0Z848QWPAoCr9P3bDEZguI+gkLcBKAOxix/tLEAAHC+UvDNPv4a2d18lOReHMOagPa+zQ=="
      },
      "NJsonSchema": {
        "type": "Transitive",
        "resolved": "11.5.2",
        "contentHash": "CAmnt4tnylb82Ro6f2EFIGz8rmThuCsITECUNqGhVEQ5VvxV+XwsTPz6LF58MbvUEV1jVcH+uxxljgM/etgK7A==",
        "dependencies": {
          "NJsonSchema.Annotations": "11.5.2",
          "Namotion.Reflection": "3.4.3",
          "Newtonsoft.Json": "13.0.3"
        }
      },
      "NJsonSchema.Annotations": {
        "type": "Transitive",
        "resolved": "11.5.2",
        "contentHash": "OfYQgNzJZb1r/gR5vza0DbBLxnmcITDhA5CXFuX1qxuP3rRdQMjbIz5VyDVHCU1QxyrfAymzajbh7iszEvyFGQ=="
      },
      "NJsonSchema.NewtonsoftJson": {
        "type": "Transitive",
        "resolved": "11.5.2",
        "contentHash": "2KuhjeP/E/hqixoKRjKUXD56V8gBkEB51gdbTU2gN2AeabCG4gW5YsAUl+ZumFgj0cbEJ7GKdl9IBdeZaLxiTA==",
        "dependencies": {
          "NJsonSchema": "11.5.2",
          "Newtonsoft.Json": "13.0.3"
        }
      },
      "NJsonSchema.Yaml": {
        "type": "Transitive",
        "resolved": "11.5.2",
        "contentHash": "1H835IiOxO5tpqpTN4Ibs0qymHbobHoYr+2K3ZdUVpzwlFDgaGflKmKT+7Hj4cBxKBsNs+MxTeCOEeM+PN1VRw==",
        "dependencies": {
          "NJsonSchema": "11.5.2",
          "YamlDotNet": "16.3.0"
        }
      },
      "NSwag.Core": {
        "type": "Transitive",
        "resolved": "14.6.2",
        "contentHash": "GYkwxbpIi/zIDzd7ZOt5XATkrwl2agiOkwKBggkFCzaRr7EfT+W9FjWPVdZjLT+THipw/8KQWdzJrpnuAy7HqA==",
        "dependencies": {
          "NJsonSchema": "11.5.2"
        }
      },
      "NSwag.Core.Yaml": {
        "type": "Transitive",
        "resolved": "14.6.2",
        "contentHash": "k+OlUy6m2fwZOMfOSzN6TbZLfY8xfGLQM+e66CYu8Oc8OSMQE0gQkRZOMx1+9mkbWrF0t+CYrThQcF/aT+171w==",
        "dependencies": {
          "NJsonSchema.Yaml": "11.5.2",
          "NSwag.Core": "14.6.2"
        }
      },
      "NSwag.Generation": {
        "type": "Transitive",
        "resolved": "14.6.2",
        "contentHash": "FzjS29H1nCCxiILoSs2ozP4GwKIVrVSKsH2K/PRLqmocmNZ4Gamt9I90r1rRMvUMbknvf0mLJCV7unLpCqZH7A==",
        "dependencies": {
          "NJsonSchema.NewtonsoftJson": "11.5.2",
          "NSwag.Core": "14.6.2"
        }
      },
      "SixLabors.Fonts": {
        "type": "Transitive",
        "resolved": "2.1.3",
        "contentHash": "ORWbZ5BHrC/LZvo+Y09MnoJq5VUKD85LsYALk+YI7CHFra+m5arCkz00IntDM6SrAiB22bvSdKtKmuCyHOKlqg=="
      },
      "SixLabors.ImageSharp": {
        "type": "Transitive",
        "resolved": "3.1.12",
        "contentHash": "iAg6zifihXEFS/t7fiHhZBGAdCp3FavsF4i2ZIDp0JfeYeDVzvmlbY1CNhhIKimaIzrzSi5M/NBFcWvZT2rB/A=="
      },
      "SixLabors.ImageSharp.Drawing": {
        "type": "Transitive",
        "resolved": "2.1.7",
        "contentHash": "9KwCo9Fa350cx6ckpsy8NqXQZKwir4RQ8Kj0sdCmJA7wsK9FMyfgC527Sn4l/D6bj2ditSHlhS7dGzcgGszvSQ==",
        "dependencies": {
          "SixLabors.Fonts": "2.1.3",
          "SixLabors.ImageSharp": "3.1.11"
        }
      },
      "StyleCop.Analyzers.Unstable": {
        "type": "Transitive",
        "resolved": "1.2.0.556",
        "contentHash": "zvn9Mqs/ox/83cpYPignI8hJEM2A93s2HkHs8HYMOAQW0PkampyoErAiIyKxgTLqbbad29HX/shv/6LGSjPJNQ=="
      },
      "System.CodeDom": {
        "type": "Transitive",
        "resolved": "10.0.0",
        "contentHash": "QWERdKi/tQAx+MbrPxTGcpchqMANnVXNiv2r2tILBBB38E74buD+fABSUhozZ1G9kjbadFB0m+HPFMkhJPeFvA=="
      },
      "System.CommandLine": {
        "type": "Transitive",
        "resolved": "2.0.0",
        "contentHash": "Bjklzc5NoxqAGFi7BcGlY2TWAdB06Bq3a5sfRr3ubMRU80Mf98eyq3Y2UgR6xRV0TLznZmfe5T7mUjOunRNcdA=="
      },
      "System.Diagnostics.DiagnosticSource": {
        "type": "Transitive",
        "resolved": "6.0.0",
        "contentHash": "frQDfv0rl209cKm1lnwTgFPzNigy2EKk1BS3uAvHvlBVKe5cymGyHO+Sj+NLv5VF/AhHsqPIUUwya5oV4CHMUw==",
        "dependencies": {
          "System.Runtime.CompilerServices.Unsafe": "6.0.0"
        }
      },
      "System.Management": {
        "type": "Transitive",
        "resolved": "10.0.0",
        "contentHash": "LE3rDZoPzulou78Tsq+3ALhUs4vatQ03v2QWbYVIenVPneUH/+LTUmHyyl098OxIFLQI6sNkZs8YHbUnT/sm3A==",
        "dependencies": {
          "System.CodeDom": "10.0.0"
        }
      },
      "System.Runtime.CompilerServices.Unsafe": {
        "type": "Transitive",
        "resolved": "6.0.0",
        "contentHash": "/iUeP3tq1S0XdNNoMz5C9twLSrM/TH+qElHkXWaPvuNOt+99G75NrV0OS2EqHx5wMN7popYjpc8oTjC1y16DLg=="
      },
      "YamlDotNet": {
        "type": "Transitive",
        "resolved": "16.3.0",
        "contentHash": "SgMOdxbz8X65z8hraIs6hOEdnkH6hESTAIUa7viEngHOYaH+6q5XJmwr1+yb9vJpNQ19hCQY69xbFsLtXpobQA=="
      },
      "ZstdSharp.Port": {
        "type": "Transitive",
        "resolved": "0.8.6",
        "contentHash": "iP4jVLQoQmUjMU88g1WObiNr6YKZGvh4aOXn3yOJsHqZsflwRsxZPcIBvNXgjXO3vQKSLctXGLTpcBPLnWPS8A=="
      },
      "istalter": {
        "type": "Project",
        "dependencies": {
          "Sentry": "[5.16.2, )",
          "Sentry.Profiling": "[5.16.2, )",
          "Sentry.Serilog": "[5.16.2, )",
          "Serilog": "[4.3.0, )",
          "SixLabors.Fonts": "[2.1.3, )",
          "SixLabors.ImageSharp": "[3.1.12, )",
          "SixLabors.ImageSharp.Drawing": "[2.1.7, )",
          "System.Management": "[10.0.0, )",
          "ZLinq": "[1.5.4, )",
          "dnlib": "[4.5.0, )"
        }
      }
    },
    "net10.0/linux-x64": {
      "LibGit2Sharp.NativeBinaries": {
        "type": "Transitive",
        "resolved": "2.0.323",
        "contentHash": "Kg+fJGWhGj5qRXG0Ilj4ddhuodGXZg57yhfX6OVUDR0M2DKg/UR42/d74+qv5l1qotc1qJilo/ho7xQnULP6yA=="
      },
      "System.Management": {
        "type": "Transitive",
        "resolved": "10.0.0",
        "contentHash": "LE3rDZoPzulou78Tsq+3ALhUs4vatQ03v2QWbYVIenVPneUH/+LTUmHyyl098OxIFLQI6sNkZs8YHbUnT/sm3A==",
        "dependencies": {
          "System.CodeDom": "10.0.0"
        }
      }
    },
    "net10.0/osx-arm64": {
      "LibGit2Sharp.NativeBinaries": {
        "type": "Transitive",
        "resolved": "2.0.323",
        "contentHash": "Kg+fJGWhGj5qRXG0Ilj4ddhuodGXZg57yhfX6OVUDR0M2DKg/UR42/d74+qv5l1qotc1qJilo/ho7xQnULP6yA=="
      },
      "System.Management": {
        "type": "Transitive",
        "resolved": "10.0.0",
        "contentHash": "LE3rDZoPzulou78Tsq+3ALhUs4vatQ03v2QWbYVIenVPneUH/+LTUmHyyl098OxIFLQI6sNkZs8YHbUnT/sm3A==",
        "dependencies": {
          "System.CodeDom": "10.0.0"
        }
      }
    },
    "net10.0/osx-x64": {
      "LibGit2Sharp.NativeBinaries": {
        "type": "Transitive",
        "resolved": "2.0.323",
        "contentHash": "Kg+fJGWhGj5qRXG0Ilj4ddhuodGXZg57yhfX6OVUDR0M2DKg/UR42/d74+qv5l1qotc1qJilo/ho7xQnULP6yA=="
      },
      "System.Management": {
        "type": "Transitive",
        "resolved": "10.0.0",
        "contentHash": "LE3rDZoPzulou78Tsq+3ALhUs4vatQ03v2QWbYVIenVPneUH/+LTUmHyyl098OxIFLQI6sNkZs8YHbUnT/sm3A==",
        "dependencies": {
          "System.CodeDom": "10.0.0"
        }
      }
    },
    "net10.0/win-x64": {
      "LibGit2Sharp.NativeBinaries": {
        "type": "Transitive",
        "resolved": "2.0.323",
        "contentHash": "Kg+fJGWhGj5qRXG0Ilj4ddhuodGXZg57yhfX6OVUDR0M2DKg/UR42/d74+qv5l1qotc1qJilo/ho7xQnULP6yA=="
      },
      "System.Management": {
        "type": "Transitive",
        "resolved": "10.0.0",
        "contentHash": "LE3rDZoPzulou78Tsq+3ALhUs4vatQ03v2QWbYVIenVPneUH/+LTUmHyyl098OxIFLQI6sNkZs8YHbUnT/sm3A==",
        "dependencies": {
          "System.CodeDom": "10.0.0"
        }
      }
    }
  }
}