{
  "version": 1,
  "dependencies": {
    "net9.0": {
      "BetterConsoleTables": {
        "type": "Direct",
        "requested": "[2.0.5-rc1, )",
        "resolved": "2.0.5-rc1",
        "contentHash": "mTuqUDu0xcpV4cowayFpQ4Ijd8SletUuGFXJ8n57fLfC4QNTwa52F1Ps9/dBISjaKDdoxYqcWsRjZQxEg9Bu1Q==",
        "dependencies": {
          "BetterConsoles.Colors": "1.1.1",
          "BetterConsoles.Core": "1.2.0",
          "Clawfoot.Extensions": "0.6.0"
        }
      },
      "LibGit2Sharp": {
        "type": "Direct",
        "requested": "[0.31.0, )",
        "resolved": "0.31.0",
        "contentHash": "b3+UfV7LjKMjAHWwl7VawejiOv2gJIC6dTCA/S0puLTHACAA/Oeb5JJmWUQMeyH/T/WR/LaIK8bk2RbdFnrZvg==",
        "dependencies": {
          "LibGit2Sharp.NativeBinaries": "[2.0.323]"
        }
      },
      "Meziantou.Analyzer": {
        "type": "Direct",
        "requested": "[2.0.184, )",
        "resolved": "2.0.184",
        "contentHash": "+b96w2tVJNI9CR4naLcNFWfGDIwXheCO/3RsXkgq+hphqjIvLmXQM+5U4h7AZQbzTDFjXiulr4ws1L5/4xo0WQ=="
      },
      "Microsoft.NET.ILLink.Tasks": {
        "type": "Direct",
        "requested": "[9.0.0, )",
        "resolved": "9.0.0",
        "contentHash": "zAwp213evC3UkimtVXRb+Dlgc/40QG145nmZDtp2LO9zJJMfrp+i/87BnXN7tRXEA4liyzdFkjqG1HE8/RPb4A=="
      },
      "Sentry": {
        "type": "Direct",
        "requested": "[5.0.0, )",
        "resolved": "5.0.0",
        "contentHash": "VCqGv7bE8rnEI4m8+lrxLFFGMrOMvOTArz51gj+1MID5Zzhi9KNoDIjJb1qLY2ys90Cr2YH5HSXcTg5mCG2beQ=="
      },
      "Sentry.Profiling": {
        "type": "Direct",
        "requested": "[5.0.0, )",
        "resolved": "5.0.0",
        "contentHash": "pvi9TOLvGzgRC9yDPobCkFf2rUvLp2O7IxCNMIyP68iBN9SHbr5UtcSKaN0D8r8YwjxhYUYDf0a4lo+yi9HeSA==",
        "dependencies": {
          "Microsoft.Diagnostics.NETCore.Client": "0.2.510501",
          "Sentry": "5.0.0"
        }
      },
      "Sentry.Serilog": {
        "type": "Direct",
        "requested": "[5.0.0, )",
        "resolved": "5.0.0",
        "contentHash": "of9dwHADe6JSBc+AMBKU9dQ1vo61cJBLBuyadipep9InDYV6Tk0Oz6KsXg0DBf9nKFXDSc8Gdk0+fMX4bc7Qiw==",
        "dependencies": {
          "Sentry": "5.0.0",
          "Serilog": "2.10.0"
        }
      },
      "Serilog": {
        "type": "Direct",
        "requested": "[4.2.0, )",
        "resolved": "4.2.0",
        "contentHash": "gmoWVOvKgbME8TYR+gwMf7osROiWAURterc6Rt2dQyX7wtjZYpqFiA/pY6ztjGQKKV62GGCyOcmtP1UKMHgSmA=="
      },
      "Serilog.Sinks.Console": {
        "type": "Direct",
        "requested": "[6.0.0, )",
        "resolved": "6.0.0",
        "contentHash": "fQGWqVMClCP2yEyTXPIinSr5c+CBGUvBybPxjAGcf7ctDhadFhrQw03Mv8rJ07/wR5PDfFjewf2LimvXCDzpbA==",
        "dependencies": {
          "Serilog": "4.0.0"
        }
      },
      "Serilog.Sinks.File": {
        "type": "Direct",
        "requested": "[6.0.0, )",
        "resolved": "6.0.0",
        "contentHash": "lxjg89Y8gJMmFxVkbZ+qDgjl+T4yC5F7WSLTvA+5q0R04tfKVLRL/EHpYoJ/MEQd2EeCKDuylBIVnAYMotmh2A==",
        "dependencies": {
          "Serilog": "4.0.0"
        }
      },
      "StyleCop.Analyzers": {
        "type": "Direct",
        "requested": "[1.2.0-beta.556, )",
        "resolved": "1.2.0-beta.556",
        "contentHash": "llRPgmA1fhC0I0QyFLEcjvtM2239QzKr/tcnbsjArLMJxJlu0AA5G7Fft0OI30pHF3MW63Gf4aSSsjc5m82J1Q==",
        "dependencies": {
          "StyleCop.Analyzers.Unstable": "1.2.0.556"
        }
      },
      "System.CommandLine": {
        "type": "Direct",
        "requested": "[2.0.0-beta4.24528.1, )",
        "resolved": "2.0.0-beta4.24528.1",
        "contentHash": "Xt8tsSU8yd0ZpbT9gl5DAwkMYWLo8PV1fq2R/belrUbHVVOIKqhLfbWksbdknUDpmzMHZenBtD6AGAp9uJTa2w=="
      },
      "System.CommandLine.NamingConventionBinder": {
        "type": "Direct",
        "requested": "[2.0.0-beta4.24528.1, )",
        "resolved": "2.0.0-beta4.24528.1",
        "contentHash": "rWxXQkDyAfr7OsYCCSH57GQMacYlpkXMUS5GdhBsybiK/R3P1nUcCWstzc5+2ouiC2HPLTW+ckG+PgRK1cY1MQ==",
        "dependencies": {
          "System.CommandLine": "2.0.0-beta4.24528.1"
        }
      },
      "BetterConsoles.Colors": {
        "type": "Transitive",
        "resolved": "1.1.1",
        "contentHash": "qcQf4XeAkmfmeT+rUySvbZ2mSDHHSC97g4BZl1p6HP3q8/jQGKEIZO1CVvCOv+MV/twOfdgh1O7IXgePr1zhFw==",
        "dependencies": {
          "BetterConsoles.Core": "1.2.0"
        }
      },
      "BetterConsoles.Core": {
        "type": "Transitive",
        "resolved": "1.2.0",
        "contentHash": "JttvGkrAt+YkKVe8sMGxF6R94mCA+Icln07b79sClQRBCa8Uj89ll36EZZUrivFuYObR9ExKdUAidfdkYrQMJQ=="
      },
      "Clawfoot.Core": {
        "type": "Transitive",
        "resolved": "0.6.0",
        "contentHash": "3bR92AEsB4Bw4AD/ZxklPEoWDqZ3F49vhOsw9G0PqOx61zMPmgNZBjrfmQ0zZBOnWFTPkZkfGOI1r4u4ReD4YA==",
        "dependencies": {
          "System.Collections.Immutable": "1.5.0",
          "System.ComponentModel.Annotations": "4.5.0",
          "System.Runtime": "4.3.1",
          "System.Runtime.InteropServices": "4.3.0"
        }
      },
      "Clawfoot.Extensions": {
        "type": "Transitive",
        "resolved": "0.6.0",
        "contentHash": "93x9JWB1Iu46LLKhSMtjnCplZsDuFTwYZIZPrdr8nzNVaT01cxAPMEOQXgbHNAK6mC387Leat29qUjIAbnuTqw==",
        "dependencies": {
          "Clawfoot.Core": "0.6.0"
        }
      },
      "dnlib": {
        "type": "Transitive",
        "resolved": "4.4.0",
        "contentHash": "cKHI720q+zfEEvzklWVGt6B0TH3AibAyJbpUJl4U6KvTP13tycfnqJpkGHRZ/oQ45BTIoIxIwltHIJVDN+iCqQ=="
      },
      "LibGit2Sharp.NativeBinaries": {
        "type": "Transitive",
        "resolved": "2.0.323",
        "contentHash": "Kg+fJGWhGj5qRXG0Ilj4ddhuodGXZg57yhfX6OVUDR0M2DKg/UR42/d74+qv5l1qotc1qJilo/ho7xQnULP6yA=="
      },
      "Microsoft.Diagnostics.NETCore.Client": {
        "type": "Transitive",
        "resolved": "0.2.510501",
        "contentHash": "juoqJYMDs+lRrrZyOkXXMImJHneCF23cuvO4waFRd2Ds7j+ZuGIPbJm0Y/zz34BdeaGiiwGWraMUlln05W1PCQ==",
        "dependencies": {
          "Microsoft.Extensions.Logging": "6.0.0"
        }
      },
      "Microsoft.Extensions.DependencyInjection": {
        "type": "Transitive",
        "resolved": "6.0.0",
        "contentHash": "k6PWQMuoBDGGHOQTtyois2u4AwyVcIwL2LaSLlTZQm2CYcJ1pxbt6jfAnpWmzENA/wfrYRI/X9DTLoUkE4AsLw==",
        "dependencies": {
          "Microsoft.Extensions.DependencyInjection.Abstractions": "6.0.0",
          "System.Runtime.CompilerServices.Unsafe": "6.0.0"
        }
      },
      "Microsoft.Extensions.DependencyInjection.Abstractions": {
        "type": "Transitive",
        "resolved": "6.0.0",
        "contentHash": "xlzi2IYREJH3/m6+lUrQlujzX8wDitm4QGnUu6kUXTQAWPuZY8i+ticFJbzfqaetLA6KR/rO6Ew/HuYD+bxifg=="
      },
      "Microsoft.Extensions.Logging": {
        "type": "Transitive",
        "resolved": "6.0.0",
        "contentHash": "eIbyj40QDg1NDz0HBW0S5f3wrLVnKWnDJ/JtZ+yJDFnDj90VoPuoPmFkeaXrtu+0cKm5GRAwoDf+dBWXK0TUdg==",
        "dependencies": {
          "Microsoft.Extensions.DependencyInjection": "6.0.0",
          "Microsoft.Extensions.DependencyInjection.Abstractions": "6.0.0",
          "Microsoft.Extensions.Logging.Abstractions": "6.0.0",
          "Microsoft.Extensions.Options": "6.0.0",
          "System.Diagnostics.DiagnosticSource": "6.0.0"
        }
      },
      "Microsoft.Extensions.Logging.Abstractions": {
        "type": "Transitive",
        "resolved": "6.0.0",
        "contentHash": "/HggWBbTwy8TgebGSX5DBZ24ndhzi93sHUBDvP1IxbZD7FDokYzdAr6+vbWGjw2XAfR2EJ1sfKUotpjHnFWPxA=="
      },
      "Microsoft.Extensions.Options": {
        "type": "Transitive",
        "resolved": "6.0.0",
        "contentHash": "dzXN0+V1AyjOe2xcJ86Qbo233KHuLEY0njf/P2Kw8SfJU+d45HNS2ctJdnEnrWbM9Ye2eFgaC5Mj9otRMU6IsQ==",
        "dependencies": {
          "Microsoft.Extensions.DependencyInjection.Abstractions": "6.0.0",
          "Microsoft.Extensions.Primitives": "6.0.0"
        }
      },
      "Microsoft.Extensions.Primitives": {
        "type": "Transitive",
        "resolved": "6.0.0",
        "contentHash": "9+PnzmQFfEFNR9J2aDTfJGGupShHjOuGw4VUv+JB044biSHrnmCIMD+mJHmb2H7YryrfBEXDurxQ47gJZdCKNQ==",
        "dependencies": {
          "System.Runtime.CompilerServices.Unsafe": "6.0.0"
        }
      },
      "Microsoft.NETCore.Platforms": {
        "type": "Transitive",
        "resolved": "1.1.1",
        "contentHash": "TMBuzAHpTenGbGgk0SMTwyEkyijY/Eae4ZGsFNYJvAr/LDn1ku3Etp3FPxChmDp5HHF3kzJuoaa08N0xjqAJfQ=="
      },
      "Microsoft.NETCore.Targets": {
        "type": "Transitive",
        "resolved": "1.1.3",
        "contentHash": "3Wrmi0kJDzClwAC+iBdUBpEKmEle8FQNsCs77fkiOIw/9oYA07bL1EZNX0kQ2OMN3xpwvl0vAtOCYY3ndDNlhQ=="
      },
      "SixLabors.Fonts": {
        "type": "Transitive",
        "resolved": "2.0.7",
        "contentHash": "RnoF1lPH6ypZwcEPpebW0Be0KkpH998Nl0mVp2x9oKyj00ARwyaGl0itOpQjoVQYoWcZeeohAZh3PYdqvw4dCA=="
      },
      "SixLabors.ImageSharp": {
        "type": "Transitive",
        "resolved": "3.1.6",
        "contentHash": "dHQ5jugF9v+5/LCVHCWVzaaIL6WOehqJy6eju/0VFYFPEj2WtqkGPoEV9EVQP83dHsdoqYaTuWpZdwAd37UwfA=="
      },
      "SixLabors.ImageSharp.Drawing": {
        "type": "Transitive",
        "resolved": "2.1.4",
        "contentHash": "p4VwtAABggDUhUS5zXldCZHVGfjJl76+SrBHY4biNQ8+890igFK6RL87qIv9GqvEjMcYOar1sPkf2iMQ6uq9/g==",
        "dependencies": {
          "SixLabors.Fonts": "2.0.4",
          "SixLabors.ImageSharp": "3.1.5"
        }
      },
      "StyleCop.Analyzers.Unstable": {
        "type": "Transitive",
        "resolved": "1.2.0.556",
        "contentHash": "zvn9Mqs/ox/83cpYPignI8hJEM2A93s2HkHs8HYMOAQW0PkampyoErAiIyKxgTLqbbad29HX/shv/6LGSjPJNQ=="
      },
      "System.CodeDom": {
        "type": "Transitive",
        "resolved": "9.0.0",
        "contentHash": "oTE5IfuMoET8yaZP/vdvy9xO47guAv/rOhe4DODuFBN3ySprcQOlXqO3j+e/H/YpKKR5sglrxRaZ2HYOhNJrqA=="
      },
      "System.Collections.Immutable": {
        "type": "Transitive",
        "resolved": "1.5.0",
        "contentHash": "EXKiDFsChZW0RjrZ4FYHu9aW6+P4MCgEDCklsVseRfhoO0F+dXeMSsMRAlVXIo06kGJ/zv+2w1a2uc2+kxxSaQ=="
      },
      "System.ComponentModel.Annotations": {
        "type": "Transitive",
        "resolved": "4.5.0",
        "contentHash": "UxYQ3FGUOtzJ7LfSdnYSFd7+oEv6M8NgUatatIN2HxNtDdlcvFAf+VIq4Of9cDMJEJC0aSRv/x898RYhB4Yppg=="
      },
      "System.Diagnostics.DiagnosticSource": {
        "type": "Transitive",
        "resolved": "6.0.0",
        "contentHash": "frQDfv0rl209cKm1lnwTgFPzNigy2EKk1BS3uAvHvlBVKe5cymGyHO+Sj+NLv5VF/AhHsqPIUUwya5oV4CHMUw==",
        "dependencies": {
          "System.Runtime.CompilerServices.Unsafe": "6.0.0"
        }
      },
      "System.IO": {
        "type": "Transitive",
        "resolved": "4.3.0",
        "contentHash": "3qjaHvxQPDpSOYICjUoTsmoq5u6QJAFRUITgeT/4gqkF1bajbSmb1kwSxEA8AHlofqgcKJcM8udgieRNhaJ5Cg==",
        "dependencies": {
          "Microsoft.NETCore.Platforms": "1.1.0",
          "Microsoft.NETCore.Targets": "1.1.0",
          "System.Runtime": "4.3.0",
          "System.Text.Encoding": "4.3.0",
          "System.Threading.Tasks": "4.3.0"
        }
      },
      "System.Management": {
        "type": "Transitive",
        "resolved": "9.0.0",
        "contentHash": "bVh4xAMI5grY5GZoklKcMBLirhC8Lqzp63Ft3zXJacwGAlLyFdF4k0qz4pnKIlO6HyL2Z4zqmHm9UkzEo6FFsA==",
        "dependencies": {
          "System.CodeDom": "9.0.0"
        }
      },
      "System.Reflection": {
        "type": "Transitive",
        "resolved": "4.3.0",
        "contentHash": "KMiAFoW7MfJGa9nDFNcfu+FpEdiHpWgTcS2HdMpDvt9saK3y/G4GwprPyzqjFH9NTaGPQeWNHU+iDlDILj96aQ==",
        "dependencies": {
          "Microsoft.NETCore.Platforms": "1.1.0",
          "Microsoft.NETCore.Targets": "1.1.0",
          "System.IO": "4.3.0",
          "System.Reflection.Primitives": "4.3.0",
          "System.Runtime": "4.3.0"
        }
      },
      "System.Reflection.Primitives": {
        "type": "Transitive",
        "resolved": "4.3.0",
        "contentHash": "5RXItQz5As4xN2/YUDxdpsEkMhvw3e6aNveFXUn4Hl/udNTCNhnKp8lT9fnc3MhvGKh1baak5CovpuQUXHAlIA==",
        "dependencies": {
          "Microsoft.NETCore.Platforms": "1.1.0",
          "Microsoft.NETCore.Targets": "1.1.0",
          "System.Runtime": "4.3.0"
        }
      },
      "System.Runtime": {
        "type": "Transitive",
        "resolved": "4.3.1",
        "contentHash": "abhfv1dTK6NXOmu4bgHIONxHyEqFjW8HwXPmpY9gmll+ix9UNo4XDcmzJn6oLooftxNssVHdJC1pGT9jkSynQg==",
        "dependencies": {
          "Microsoft.NETCore.Platforms": "1.1.1",
          "Microsoft.NETCore.Targets": "1.1.3"
        }
      },
      "System.Runtime.CompilerServices.Unsafe": {
        "type": "Transitive",
        "resolved": "6.0.0",
        "contentHash": "/iUeP3tq1S0XdNNoMz5C9twLSrM/TH+qElHkXWaPvuNOt+99G75NrV0OS2EqHx5wMN7popYjpc8oTjC1y16DLg=="
      },
      "System.Runtime.Handles": {
        "type": "Transitive",
        "resolved": "4.3.0",
        "contentHash": "OKiSUN7DmTWeYb3l51A7EYaeNMnvxwE249YtZz7yooT4gOZhmTjIn48KgSsw2k2lYdLgTKNJw/ZIfSElwDRVgg==",
        "dependencies": {
          "Microsoft.NETCore.Platforms": "1.1.0",
          "Microsoft.NETCore.Targets": "1.1.0",
          "System.Runtime": "4.3.0"
        }
      },
      "System.Runtime.InteropServices": {
        "type": "Transitive",
        "resolved": "4.3.0",
        "contentHash": "uv1ynXqiMK8mp1GM3jDqPCFN66eJ5w5XNomaK2XD+TuCroNTLFGeZ+WCmBMcBDyTFKou3P6cR6J/QsaqDp7fGQ==",
        "dependencies": {
          "Microsoft.NETCore.Platforms": "1.1.0",
          "Microsoft.NETCore.Targets": "1.1.0",
          "System.Reflection": "4.3.0",
          "System.Reflection.Primitives": "4.3.0",
          "System.Runtime": "4.3.0",
          "System.Runtime.Handles": "4.3.0"
        }
      },
      "System.Text.Encoding": {
        "type": "Transitive",
        "resolved": "4.3.0",
        "contentHash": "BiIg+KWaSDOITze6jGQynxg64naAPtqGHBwDrLaCtixsa5bKiR8dpPOHA7ge3C0JJQizJE+sfkz1wV+BAKAYZw==",
        "dependencies": {
          "Microsoft.NETCore.Platforms": "1.1.0",
          "Microsoft.NETCore.Targets": "1.1.0",
          "System.Runtime": "4.3.0"
        }
      },
      "System.Threading.Tasks": {
        "type": "Transitive",
        "resolved": "4.3.0",
        "contentHash": "LbSxKEdOUhVe8BezB/9uOGGppt+nZf6e1VFyw6v3DN6lqitm0OSn2uXMOdtP0M3W4iMcqcivm2J6UgqiwwnXiA==",
        "dependencies": {
          "Microsoft.NETCore.Platforms": "1.1.0",
          "Microsoft.NETCore.Targets": "1.1.0",
          "System.Runtime": "4.3.0"
        }
      },
      "istalter": {
        "type": "Project",
        "dependencies": {
          "Sentry": "[5.0.0, )",
          "Sentry.Profiling": "[5.0.0, )",
          "Sentry.Serilog": "[5.0.0, )",
          "Serilog": "[4.2.0, )",
          "SixLabors.Fonts": "[2.0.7, )",
          "SixLabors.ImageSharp": "[3.1.6, )",
          "SixLabors.ImageSharp.Drawing": "[2.1.4, )",
          "System.Management": "[9.0.0, )",
          "dnlib": "[4.4.0, )"
        }
      }
    },
    "net9.0/linux-x64": {
      "LibGit2Sharp.NativeBinaries": {
        "type": "Transitive",
        "resolved": "2.0.323",
        "contentHash": "Kg+fJGWhGj5qRXG0Ilj4ddhuodGXZg57yhfX6OVUDR0M2DKg/UR42/d74+qv5l1qotc1qJilo/ho7xQnULP6yA=="
      },
      "runtime.any.System.IO": {
        "type": "Transitive",
        "resolved": "4.3.0",
        "contentHash": "SDZ5AD1DtyRoxYtEcqQ3HDlcrorMYXZeCt7ZhG9US9I5Vva+gpIWDGMkcwa5XiKL0ceQKRZIX2x0XEjLX7PDzQ=="
      },
      "runtime.any.System.Reflection": {
        "type": "Transitive",
        "resolved": "4.3.0",
        "contentHash": "hLC3A3rI8jipR5d9k7+f0MgRCW6texsAp0MWkN/ci18FMtQ9KH7E2vDn/DH2LkxsszlpJpOn9qy6Z6/69rH6eQ=="
      },
      "runtime.any.System.Reflection.Primitives": {
        "type": "Transitive",
        "resolved": "4.3.0",
        "contentHash": "Nrm1p3armp6TTf2xuvaa+jGTTmncALWFq22CpmwRvhDf6dE9ZmH40EbOswD4GnFLrMRS0Ki6Kx5aUPmKK/hZBg=="
      },
      "runtime.any.System.Runtime": {
        "type": "Transitive",
        "resolved": "4.3.0",
        "contentHash": "fRS7zJgaG9NkifaAxGGclDDoRn9HC7hXACl52Or06a/fxdzDajWb5wov3c6a+gVSlekRoexfjwQSK9sh5um5LQ==",
        "dependencies": {
          "System.Private.Uri": "4.3.0"
        }
      },
      "runtime.any.System.Runtime.Handles": {
        "type": "Transitive",
        "resolved": "4.3.0",
        "contentHash": "GG84X6vufoEzqx8PbeBKheE4srOhimv+yLtGb/JkR3Y2FmoqmueLNFU4Xx8Y67plFpltQSdK74x0qlEhIpv/CQ=="
      },
      "runtime.any.System.Runtime.InteropServices": {
        "type": "Transitive",
        "resolved": "4.3.0",
        "contentHash": "lBoFeQfxe/4eqjPi46E0LU/YaCMdNkQ8B4MZu/mkzdIAZh8RQ1NYZSj0egrQKdgdvlPFtP4STtob40r4o2DBAw=="
      },
      "runtime.any.System.Text.Encoding": {
        "type": "Transitive",
        "resolved": "4.3.0",
        "contentHash": "+ihI5VaXFCMVPJNstG4O4eo1CfbrByLxRrQQTqOTp1ttK0kUKDqOdBSTaCB2IBk/QtjDrs6+x4xuezyMXdm0HQ=="
      },
      "runtime.any.System.Threading.Tasks": {
        "type": "Transitive",
        "resolved": "4.3.0",
        "contentHash": "OhBAVBQG5kFj1S+hCEQ3TUHBAEtZ3fbEMgZMRNdN8A0Pj4x+5nTELEqL59DU0TjKVE6II3dqKw4Dklb3szT65w=="
      },
      "runtime.native.System": {
        "type": "Transitive",
        "resolved": "4.3.0",
        "contentHash": "c/qWt2LieNZIj1jGnVNsE2Kl23Ya2aSTBuXMD6V7k9KWr6l16Tqdwq+hJScEpWER9753NWC8h96PaVNY5Ld7Jw==",
        "dependencies": {
          "Microsoft.NETCore.Platforms": "1.1.0",
          "Microsoft.NETCore.Targets": "1.1.0"
        }
      },
      "runtime.unix.System.Private.Uri": {
        "type": "Transitive",
        "resolved": "4.3.0",
        "contentHash": "ooWzobr5RAq34r9uan1r/WPXJYG1XWy9KanrxNvEnBzbFdQbMG7Y3bVi4QxR7xZMNLOxLLTAyXvnSkfj5boZSg==",
        "dependencies": {
          "runtime.native.System": "4.3.0"
        }
      },
      "System.IO": {
        "type": "Transitive",
        "resolved": "4.3.0",
        "contentHash": "3qjaHvxQPDpSOYICjUoTsmoq5u6QJAFRUITgeT/4gqkF1bajbSmb1kwSxEA8AHlofqgcKJcM8udgieRNhaJ5Cg==",
        "dependencies": {
          "Microsoft.NETCore.Platforms": "1.1.0",
          "Microsoft.NETCore.Targets": "1.1.0",
          "System.Runtime": "4.3.0",
          "System.Text.Encoding": "4.3.0",
          "System.Threading.Tasks": "4.3.0",
          "runtime.any.System.IO": "4.3.0"
        }
      },
      "System.Management": {
        "type": "Transitive",
        "resolved": "9.0.0",
        "contentHash": "bVh4xAMI5grY5GZoklKcMBLirhC8Lqzp63Ft3zXJacwGAlLyFdF4k0qz4pnKIlO6HyL2Z4zqmHm9UkzEo6FFsA==",
        "dependencies": {
          "System.CodeDom": "9.0.0"
        }
      },
      "System.Private.Uri": {
        "type": "Transitive",
        "resolved": "4.3.0",
        "contentHash": "I4SwANiUGho1esj4V4oSlPllXjzCZDE+5XXso2P03LW2vOda2Enzh8DWOxwN6hnrJyp314c7KuVu31QYhRzOGg==",
        "dependencies": {
          "Microsoft.NETCore.Platforms": "1.1.0",
          "Microsoft.NETCore.Targets": "1.1.0",
          "runtime.unix.System.Private.Uri": "4.3.0"
        }
      },
      "System.Reflection": {
        "type": "Transitive",
        "resolved": "4.3.0",
        "contentHash": "KMiAFoW7MfJGa9nDFNcfu+FpEdiHpWgTcS2HdMpDvt9saK3y/G4GwprPyzqjFH9NTaGPQeWNHU+iDlDILj96aQ==",
        "dependencies": {
          "Microsoft.NETCore.Platforms": "1.1.0",
          "Microsoft.NETCore.Targets": "1.1.0",
          "System.IO": "4.3.0",
          "System.Reflection.Primitives": "4.3.0",
          "System.Runtime": "4.3.0",
          "runtime.any.System.Reflection": "4.3.0"
        }
      },
      "System.Reflection.Primitives": {
        "type": "Transitive",
        "resolved": "4.3.0",
        "contentHash": "5RXItQz5As4xN2/YUDxdpsEkMhvw3e6aNveFXUn4Hl/udNTCNhnKp8lT9fnc3MhvGKh1baak5CovpuQUXHAlIA==",
        "dependencies": {
          "Microsoft.NETCore.Platforms": "1.1.0",
          "Microsoft.NETCore.Targets": "1.1.0",
          "System.Runtime": "4.3.0",
          "runtime.any.System.Reflection.Primitives": "4.3.0"
        }
      },
      "System.Runtime": {
        "type": "Transitive",
        "resolved": "4.3.1",
        "contentHash": "abhfv1dTK6NXOmu4bgHIONxHyEqFjW8HwXPmpY9gmll+ix9UNo4XDcmzJn6oLooftxNssVHdJC1pGT9jkSynQg==",
        "dependencies": {
          "Microsoft.NETCore.Platforms": "1.1.1",
          "Microsoft.NETCore.Targets": "1.1.3",
          "runtime.any.System.Runtime": "4.3.0"
        }
      },
      "System.Runtime.Handles": {
        "type": "Transitive",
        "resolved": "4.3.0",
        "contentHash": "OKiSUN7DmTWeYb3l51A7EYaeNMnvxwE249YtZz7yooT4gOZhmTjIn48KgSsw2k2lYdLgTKNJw/ZIfSElwDRVgg==",
        "dependencies": {
          "Microsoft.NETCore.Platforms": "1.1.0",
          "Microsoft.NETCore.Targets": "1.1.0",
          "System.Runtime": "4.3.0",
          "runtime.any.System.Runtime.Handles": "4.3.0"
        }
      },
      "System.Runtime.InteropServices": {
        "type": "Transitive",
        "resolved": "4.3.0",
        "contentHash": "uv1ynXqiMK8mp1GM3jDqPCFN66eJ5w5XNomaK2XD+TuCroNTLFGeZ+WCmBMcBDyTFKou3P6cR6J/QsaqDp7fGQ==",
        "dependencies": {
          "Microsoft.NETCore.Platforms": "1.1.0",
          "Microsoft.NETCore.Targets": "1.1.0",
          "System.Reflection": "4.3.0",
          "System.Reflection.Primitives": "4.3.0",
          "System.Runtime": "4.3.0",
          "System.Runtime.Handles": "4.3.0",
          "runtime.any.System.Runtime.InteropServices": "4.3.0"
        }
      },
      "System.Text.Encoding": {
        "type": "Transitive",
        "resolved": "4.3.0",
        "contentHash": "BiIg+KWaSDOITze6jGQynxg64naAPtqGHBwDrLaCtixsa5bKiR8dpPOHA7ge3C0JJQizJE+sfkz1wV+BAKAYZw==",
        "dependencies": {
          "Microsoft.NETCore.Platforms": "1.1.0",
          "Microsoft.NETCore.Targets": "1.1.0",
          "System.Runtime": "4.3.0",
          "runtime.any.System.Text.Encoding": "4.3.0"
        }
      },
      "System.Threading.Tasks": {
        "type": "Transitive",
        "resolved": "4.3.0",
        "contentHash": "LbSxKEdOUhVe8BezB/9uOGGppt+nZf6e1VFyw6v3DN6lqitm0OSn2uXMOdtP0M3W4iMcqcivm2J6UgqiwwnXiA==",
        "dependencies": {
          "Microsoft.NETCore.Platforms": "1.1.0",
          "Microsoft.NETCore.Targets": "1.1.0",
          "System.Runtime": "4.3.0",
          "runtime.any.System.Threading.Tasks": "4.3.0"
        }
      }
    },
    "net9.0/osx-arm64": {
      "LibGit2Sharp.NativeBinaries": {
        "type": "Transitive",
        "resolved": "2.0.323",
        "contentHash": "Kg+fJGWhGj5qRXG0Ilj4ddhuodGXZg57yhfX6OVUDR0M2DKg/UR42/d74+qv5l1qotc1qJilo/ho7xQnULP6yA=="
      },
      "runtime.any.System.IO": {
        "type": "Transitive",
        "resolved": "4.3.0",
        "contentHash": "SDZ5AD1DtyRoxYtEcqQ3HDlcrorMYXZeCt7ZhG9US9I5Vva+gpIWDGMkcwa5XiKL0ceQKRZIX2x0XEjLX7PDzQ=="
      },
      "runtime.any.System.Reflection": {
        "type": "Transitive",
        "resolved": "4.3.0",
        "contentHash": "hLC3A3rI8jipR5d9k7+f0MgRCW6texsAp0MWkN/ci18FMtQ9KH7E2vDn/DH2LkxsszlpJpOn9qy6Z6/69rH6eQ=="
      },
      "runtime.any.System.Reflection.Primitives": {
        "type": "Transitive",
        "resolved": "4.3.0",
        "contentHash": "Nrm1p3armp6TTf2xuvaa+jGTTmncALWFq22CpmwRvhDf6dE9ZmH40EbOswD4GnFLrMRS0Ki6Kx5aUPmKK/hZBg=="
      },
      "runtime.any.System.Runtime": {
        "type": "Transitive",
        "resolved": "4.3.0",
        "contentHash": "fRS7zJgaG9NkifaAxGGclDDoRn9HC7hXACl52Or06a/fxdzDajWb5wov3c6a+gVSlekRoexfjwQSK9sh5um5LQ==",
        "dependencies": {
          "System.Private.Uri": "4.3.0"
        }
      },
      "runtime.any.System.Runtime.Handles": {
        "type": "Transitive",
        "resolved": "4.3.0",
        "contentHash": "GG84X6vufoEzqx8PbeBKheE4srOhimv+yLtGb/JkR3Y2FmoqmueLNFU4Xx8Y67plFpltQSdK74x0qlEhIpv/CQ=="
      },
      "runtime.any.System.Runtime.InteropServices": {
        "type": "Transitive",
        "resolved": "4.3.0",
        "contentHash": "lBoFeQfxe/4eqjPi46E0LU/YaCMdNkQ8B4MZu/mkzdIAZh8RQ1NYZSj0egrQKdgdvlPFtP4STtob40r4o2DBAw=="
      },
      "runtime.any.System.Text.Encoding": {
        "type": "Transitive",
        "resolved": "4.3.0",
        "contentHash": "+ihI5VaXFCMVPJNstG4O4eo1CfbrByLxRrQQTqOTp1ttK0kUKDqOdBSTaCB2IBk/QtjDrs6+x4xuezyMXdm0HQ=="
      },
      "runtime.any.System.Threading.Tasks": {
        "type": "Transitive",
        "resolved": "4.3.0",
        "contentHash": "OhBAVBQG5kFj1S+hCEQ3TUHBAEtZ3fbEMgZMRNdN8A0Pj4x+5nTELEqL59DU0TjKVE6II3dqKw4Dklb3szT65w=="
      },
      "runtime.native.System": {
        "type": "Transitive",
        "resolved": "4.3.0",
        "contentHash": "c/qWt2LieNZIj1jGnVNsE2Kl23Ya2aSTBuXMD6V7k9KWr6l16Tqdwq+hJScEpWER9753NWC8h96PaVNY5Ld7Jw==",
        "dependencies": {
          "Microsoft.NETCore.Platforms": "1.1.0",
          "Microsoft.NETCore.Targets": "1.1.0"
        }
      },
      "runtime.unix.System.Private.Uri": {
        "type": "Transitive",
        "resolved": "4.3.0",
        "contentHash": "ooWzobr5RAq34r9uan1r/WPXJYG1XWy9KanrxNvEnBzbFdQbMG7Y3bVi4QxR7xZMNLOxLLTAyXvnSkfj5boZSg==",
        "dependencies": {
          "runtime.native.System": "4.3.0"
        }
      },
      "System.IO": {
        "type": "Transitive",
        "resolved": "4.3.0",
        "contentHash": "3qjaHvxQPDpSOYICjUoTsmoq5u6QJAFRUITgeT/4gqkF1bajbSmb1kwSxEA8AHlofqgcKJcM8udgieRNhaJ5Cg==",
        "dependencies": {
          "Microsoft.NETCore.Platforms": "1.1.0",
          "Microsoft.NETCore.Targets": "1.1.0",
          "System.Runtime": "4.3.0",
          "System.Text.Encoding": "4.3.0",
          "System.Threading.Tasks": "4.3.0",
          "runtime.any.System.IO": "4.3.0"
        }
      },
      "System.Management": {
        "type": "Transitive",
        "resolved": "9.0.0",
        "contentHash": "bVh4xAMI5grY5GZoklKcMBLirhC8Lqzp63Ft3zXJacwGAlLyFdF4k0qz4pnKIlO6HyL2Z4zqmHm9UkzEo6FFsA==",
        "dependencies": {
          "System.CodeDom": "9.0.0"
        }
      },
      "System.Private.Uri": {
        "type": "Transitive",
        "resolved": "4.3.0",
        "contentHash": "I4SwANiUGho1esj4V4oSlPllXjzCZDE+5XXso2P03LW2vOda2Enzh8DWOxwN6hnrJyp314c7KuVu31QYhRzOGg==",
        "dependencies": {
          "Microsoft.NETCore.Platforms": "1.1.0",
          "Microsoft.NETCore.Targets": "1.1.0",
          "runtime.unix.System.Private.Uri": "4.3.0"
        }
      },
      "System.Reflection": {
        "type": "Transitive",
        "resolved": "4.3.0",
        "contentHash": "KMiAFoW7MfJGa9nDFNcfu+FpEdiHpWgTcS2HdMpDvt9saK3y/G4GwprPyzqjFH9NTaGPQeWNHU+iDlDILj96aQ==",
        "dependencies": {
          "Microsoft.NETCore.Platforms": "1.1.0",
          "Microsoft.NETCore.Targets": "1.1.0",
          "System.IO": "4.3.0",
          "System.Reflection.Primitives": "4.3.0",
          "System.Runtime": "4.3.0",
          "runtime.any.System.Reflection": "4.3.0"
        }
      },
      "System.Reflection.Primitives": {
        "type": "Transitive",
        "resolved": "4.3.0",
        "contentHash": "5RXItQz5As4xN2/YUDxdpsEkMhvw3e6aNveFXUn4Hl/udNTCNhnKp8lT9fnc3MhvGKh1baak5CovpuQUXHAlIA==",
        "dependencies": {
          "Microsoft.NETCore.Platforms": "1.1.0",
          "Microsoft.NETCore.Targets": "1.1.0",
          "System.Runtime": "4.3.0",
          "runtime.any.System.Reflection.Primitives": "4.3.0"
        }
      },
      "System.Runtime": {
        "type": "Transitive",
        "resolved": "4.3.1",
        "contentHash": "abhfv1dTK6NXOmu4bgHIONxHyEqFjW8HwXPmpY9gmll+ix9UNo4XDcmzJn6oLooftxNssVHdJC1pGT9jkSynQg==",
        "dependencies": {
          "Microsoft.NETCore.Platforms": "1.1.1",
          "Microsoft.NETCore.Targets": "1.1.3",
          "runtime.any.System.Runtime": "4.3.0"
        }
      },
      "System.Runtime.Handles": {
        "type": "Transitive",
        "resolved": "4.3.0",
        "contentHash": "OKiSUN7DmTWeYb3l51A7EYaeNMnvxwE249YtZz7yooT4gOZhmTjIn48KgSsw2k2lYdLgTKNJw/ZIfSElwDRVgg==",
        "dependencies": {
          "Microsoft.NETCore.Platforms": "1.1.0",
          "Microsoft.NETCore.Targets": "1.1.0",
          "System.Runtime": "4.3.0",
          "runtime.any.System.Runtime.Handles": "4.3.0"
        }
      },
      "System.Runtime.InteropServices": {
        "type": "Transitive",
        "resolved": "4.3.0",
        "contentHash": "uv1ynXqiMK8mp1GM3jDqPCFN66eJ5w5XNomaK2XD+TuCroNTLFGeZ+WCmBMcBDyTFKou3P6cR6J/QsaqDp7fGQ==",
        "dependencies": {
          "Microsoft.NETCore.Platforms": "1.1.0",
          "Microsoft.NETCore.Targets": "1.1.0",
          "System.Reflection": "4.3.0",
          "System.Reflection.Primitives": "4.3.0",
          "System.Runtime": "4.3.0",
          "System.Runtime.Handles": "4.3.0",
          "runtime.any.System.Runtime.InteropServices": "4.3.0"
        }
      },
      "System.Text.Encoding": {
        "type": "Transitive",
        "resolved": "4.3.0",
        "contentHash": "BiIg+KWaSDOITze6jGQynxg64naAPtqGHBwDrLaCtixsa5bKiR8dpPOHA7ge3C0JJQizJE+sfkz1wV+BAKAYZw==",
        "dependencies": {
          "Microsoft.NETCore.Platforms": "1.1.0",
          "Microsoft.NETCore.Targets": "1.1.0",
          "System.Runtime": "4.3.0",
          "runtime.any.System.Text.Encoding": "4.3.0"
        }
      },
      "System.Threading.Tasks": {
        "type": "Transitive",
        "resolved": "4.3.0",
        "contentHash": "LbSxKEdOUhVe8BezB/9uOGGppt+nZf6e1VFyw6v3DN6lqitm0OSn2uXMOdtP0M3W4iMcqcivm2J6UgqiwwnXiA==",
        "dependencies": {
          "Microsoft.NETCore.Platforms": "1.1.0",
          "Microsoft.NETCore.Targets": "1.1.0",
          "System.Runtime": "4.3.0",
          "runtime.any.System.Threading.Tasks": "4.3.0"
        }
      }
    },
    "net9.0/osx-x64": {
      "LibGit2Sharp.NativeBinaries": {
        "type": "Transitive",
        "resolved": "2.0.323",
        "contentHash": "Kg+fJGWhGj5qRXG0Ilj4ddhuodGXZg57yhfX6OVUDR0M2DKg/UR42/d74+qv5l1qotc1qJilo/ho7xQnULP6yA=="
      },
      "runtime.any.System.IO": {
        "type": "Transitive",
        "resolved": "4.3.0",
        "contentHash": "SDZ5AD1DtyRoxYtEcqQ3HDlcrorMYXZeCt7ZhG9US9I5Vva+gpIWDGMkcwa5XiKL0ceQKRZIX2x0XEjLX7PDzQ=="
      },
      "runtime.any.System.Reflection": {
        "type": "Transitive",
        "resolved": "4.3.0",
        "contentHash": "hLC3A3rI8jipR5d9k7+f0MgRCW6texsAp0MWkN/ci18FMtQ9KH7E2vDn/DH2LkxsszlpJpOn9qy6Z6/69rH6eQ=="
      },
      "runtime.any.System.Reflection.Primitives": {
        "type": "Transitive",
        "resolved": "4.3.0",
        "contentHash": "Nrm1p3armp6TTf2xuvaa+jGTTmncALWFq22CpmwRvhDf6dE9ZmH40EbOswD4GnFLrMRS0Ki6Kx5aUPmKK/hZBg=="
      },
      "runtime.any.System.Runtime": {
        "type": "Transitive",
        "resolved": "4.3.0",
        "contentHash": "fRS7zJgaG9NkifaAxGGclDDoRn9HC7hXACl52Or06a/fxdzDajWb5wov3c6a+gVSlekRoexfjwQSK9sh5um5LQ==",
        "dependencies": {
          "System.Private.Uri": "4.3.0"
        }
      },
      "runtime.any.System.Runtime.Handles": {
        "type": "Transitive",
        "resolved": "4.3.0",
        "contentHash": "GG84X6vufoEzqx8PbeBKheE4srOhimv+yLtGb/JkR3Y2FmoqmueLNFU4Xx8Y67plFpltQSdK74x0qlEhIpv/CQ=="
      },
      "runtime.any.System.Runtime.InteropServices": {
        "type": "Transitive",
        "resolved": "4.3.0",
        "contentHash": "lBoFeQfxe/4eqjPi46E0LU/YaCMdNkQ8B4MZu/mkzdIAZh8RQ1NYZSj0egrQKdgdvlPFtP4STtob40r4o2DBAw=="
      },
      "runtime.any.System.Text.Encoding": {
        "type": "Transitive",
        "resolved": "4.3.0",
        "contentHash": "+ihI5VaXFCMVPJNstG4O4eo1CfbrByLxRrQQTqOTp1ttK0kUKDqOdBSTaCB2IBk/QtjDrs6+x4xuezyMXdm0HQ=="
      },
      "runtime.any.System.Threading.Tasks": {
        "type": "Transitive",
        "resolved": "4.3.0",
        "contentHash": "OhBAVBQG5kFj1S+hCEQ3TUHBAEtZ3fbEMgZMRNdN8A0Pj4x+5nTELEqL59DU0TjKVE6II3dqKw4Dklb3szT65w=="
      },
      "runtime.native.System": {
        "type": "Transitive",
        "resolved": "4.3.0",
        "contentHash": "c/qWt2LieNZIj1jGnVNsE2Kl23Ya2aSTBuXMD6V7k9KWr6l16Tqdwq+hJScEpWER9753NWC8h96PaVNY5Ld7Jw==",
        "dependencies": {
          "Microsoft.NETCore.Platforms": "1.1.0",
          "Microsoft.NETCore.Targets": "1.1.0"
        }
      },
      "runtime.unix.System.Private.Uri": {
        "type": "Transitive",
        "resolved": "4.3.0",
        "contentHash": "ooWzobr5RAq34r9uan1r/WPXJYG1XWy9KanrxNvEnBzbFdQbMG7Y3bVi4QxR7xZMNLOxLLTAyXvnSkfj5boZSg==",
        "dependencies": {
          "runtime.native.System": "4.3.0"
        }
      },
      "System.IO": {
        "type": "Transitive",
        "resolved": "4.3.0",
        "contentHash": "3qjaHvxQPDpSOYICjUoTsmoq5u6QJAFRUITgeT/4gqkF1bajbSmb1kwSxEA8AHlofqgcKJcM8udgieRNhaJ5Cg==",
        "dependencies": {
          "Microsoft.NETCore.Platforms": "1.1.0",
          "Microsoft.NETCore.Targets": "1.1.0",
          "System.Runtime": "4.3.0",
          "System.Text.Encoding": "4.3.0",
          "System.Threading.Tasks": "4.3.0",
          "runtime.any.System.IO": "4.3.0"
        }
      },
      "System.Management": {
        "type": "Transitive",
        "resolved": "9.0.0",
        "contentHash": "bVh4xAMI5grY5GZoklKcMBLirhC8Lqzp63Ft3zXJacwGAlLyFdF4k0qz4pnKIlO6HyL2Z4zqmHm9UkzEo6FFsA==",
        "dependencies": {
          "System.CodeDom": "9.0.0"
        }
      },
      "System.Private.Uri": {
        "type": "Transitive",
        "resolved": "4.3.0",
        "contentHash": "I4SwANiUGho1esj4V4oSlPllXjzCZDE+5XXso2P03LW2vOda2Enzh8DWOxwN6hnrJyp314c7KuVu31QYhRzOGg==",
        "dependencies": {
          "Microsoft.NETCore.Platforms": "1.1.0",
          "Microsoft.NETCore.Targets": "1.1.0",
          "runtime.unix.System.Private.Uri": "4.3.0"
        }
      },
      "System.Reflection": {
        "type": "Transitive",
        "resolved": "4.3.0",
        "contentHash": "KMiAFoW7MfJGa9nDFNcfu+FpEdiHpWgTcS2HdMpDvt9saK3y/G4GwprPyzqjFH9NTaGPQeWNHU+iDlDILj96aQ==",
        "dependencies": {
          "Microsoft.NETCore.Platforms": "1.1.0",
          "Microsoft.NETCore.Targets": "1.1.0",
          "System.IO": "4.3.0",
          "System.Reflection.Primitives": "4.3.0",
          "System.Runtime": "4.3.0",
          "runtime.any.System.Reflection": "4.3.0"
        }
      },
      "System.Reflection.Primitives": {
        "type": "Transitive",
        "resolved": "4.3.0",
        "contentHash": "5RXItQz5As4xN2/YUDxdpsEkMhvw3e6aNveFXUn4Hl/udNTCNhnKp8lT9fnc3MhvGKh1baak5CovpuQUXHAlIA==",
        "dependencies": {
          "Microsoft.NETCore.Platforms": "1.1.0",
          "Microsoft.NETCore.Targets": "1.1.0",
          "System.Runtime": "4.3.0",
          "runtime.any.System.Reflection.Primitives": "4.3.0"
        }
      },
      "System.Runtime": {
        "type": "Transitive",
        "resolved": "4.3.1",
        "contentHash": "abhfv1dTK6NXOmu4bgHIONxHyEqFjW8HwXPmpY9gmll+ix9UNo4XDcmzJn6oLooftxNssVHdJC1pGT9jkSynQg==",
        "dependencies": {
          "Microsoft.NETCore.Platforms": "1.1.1",
          "Microsoft.NETCore.Targets": "1.1.3",
          "runtime.any.System.Runtime": "4.3.0"
        }
      },
      "System.Runtime.Handles": {
        "type": "Transitive",
        "resolved": "4.3.0",
        "contentHash": "OKiSUN7DmTWeYb3l51A7EYaeNMnvxwE249YtZz7yooT4gOZhmTjIn48KgSsw2k2lYdLgTKNJw/ZIfSElwDRVgg==",
        "dependencies": {
          "Microsoft.NETCore.Platforms": "1.1.0",
          "Microsoft.NETCore.Targets": "1.1.0",
          "System.Runtime": "4.3.0",
          "runtime.any.System.Runtime.Handles": "4.3.0"
        }
      },
      "System.Runtime.InteropServices": {
        "type": "Transitive",
        "resolved": "4.3.0",
        "contentHash": "uv1ynXqiMK8mp1GM3jDqPCFN66eJ5w5XNomaK2XD+TuCroNTLFGeZ+WCmBMcBDyTFKou3P6cR6J/QsaqDp7fGQ==",
        "dependencies": {
          "Microsoft.NETCore.Platforms": "1.1.0",
          "Microsoft.NETCore.Targets": "1.1.0",
          "System.Reflection": "4.3.0",
          "System.Reflection.Primitives": "4.3.0",
          "System.Runtime": "4.3.0",
          "System.Runtime.Handles": "4.3.0",
          "runtime.any.System.Runtime.InteropServices": "4.3.0"
        }
      },
      "System.Text.Encoding": {
        "type": "Transitive",
        "resolved": "4.3.0",
        "contentHash": "BiIg+KWaSDOITze6jGQynxg64naAPtqGHBwDrLaCtixsa5bKiR8dpPOHA7ge3C0JJQizJE+sfkz1wV+BAKAYZw==",
        "dependencies": {
          "Microsoft.NETCore.Platforms": "1.1.0",
          "Microsoft.NETCore.Targets": "1.1.0",
          "System.Runtime": "4.3.0",
          "runtime.any.System.Text.Encoding": "4.3.0"
        }
      },
      "System.Threading.Tasks": {
        "type": "Transitive",
        "resolved": "4.3.0",
        "contentHash": "LbSxKEdOUhVe8BezB/9uOGGppt+nZf6e1VFyw6v3DN6lqitm0OSn2uXMOdtP0M3W4iMcqcivm2J6UgqiwwnXiA==",
        "dependencies": {
          "Microsoft.NETCore.Platforms": "1.1.0",
          "Microsoft.NETCore.Targets": "1.1.0",
          "System.Runtime": "4.3.0",
          "runtime.any.System.Threading.Tasks": "4.3.0"
        }
      }
    },
    "net9.0/win-x64": {
      "LibGit2Sharp.NativeBinaries": {
        "type": "Transitive",
        "resolved": "2.0.323",
        "contentHash": "Kg+fJGWhGj5qRXG0Ilj4ddhuodGXZg57yhfX6OVUDR0M2DKg/UR42/d74+qv5l1qotc1qJilo/ho7xQnULP6yA=="
      },
      "runtime.any.System.IO": {
        "type": "Transitive",
        "resolved": "4.3.0",
        "contentHash": "SDZ5AD1DtyRoxYtEcqQ3HDlcrorMYXZeCt7ZhG9US9I5Vva+gpIWDGMkcwa5XiKL0ceQKRZIX2x0XEjLX7PDzQ=="
      },
      "runtime.any.System.Reflection": {
        "type": "Transitive",
        "resolved": "4.3.0",
        "contentHash": "hLC3A3rI8jipR5d9k7+f0MgRCW6texsAp0MWkN/ci18FMtQ9KH7E2vDn/DH2LkxsszlpJpOn9qy6Z6/69rH6eQ=="
      },
      "runtime.any.System.Reflection.Primitives": {
        "type": "Transitive",
        "resolved": "4.3.0",
        "contentHash": "Nrm1p3armp6TTf2xuvaa+jGTTmncALWFq22CpmwRvhDf6dE9ZmH40EbOswD4GnFLrMRS0Ki6Kx5aUPmKK/hZBg=="
      },
      "runtime.any.System.Runtime": {
        "type": "Transitive",
        "resolved": "4.3.0",
        "contentHash": "fRS7zJgaG9NkifaAxGGclDDoRn9HC7hXACl52Or06a/fxdzDajWb5wov3c6a+gVSlekRoexfjwQSK9sh5um5LQ==",
        "dependencies": {
          "System.Private.Uri": "4.3.0"
        }
      },
      "runtime.any.System.Runtime.Handles": {
        "type": "Transitive",
        "resolved": "4.3.0",
        "contentHash": "GG84X6vufoEzqx8PbeBKheE4srOhimv+yLtGb/JkR3Y2FmoqmueLNFU4Xx8Y67plFpltQSdK74x0qlEhIpv/CQ=="
      },
      "runtime.any.System.Runtime.InteropServices": {
        "type": "Transitive",
        "resolved": "4.3.0",
        "contentHash": "lBoFeQfxe/4eqjPi46E0LU/YaCMdNkQ8B4MZu/mkzdIAZh8RQ1NYZSj0egrQKdgdvlPFtP4STtob40r4o2DBAw=="
      },
      "runtime.any.System.Text.Encoding": {
        "type": "Transitive",
        "resolved": "4.3.0",
        "contentHash": "+ihI5VaXFCMVPJNstG4O4eo1CfbrByLxRrQQTqOTp1ttK0kUKDqOdBSTaCB2IBk/QtjDrs6+x4xuezyMXdm0HQ=="
      },
      "runtime.any.System.Threading.Tasks": {
        "type": "Transitive",
        "resolved": "4.3.0",
        "contentHash": "OhBAVBQG5kFj1S+hCEQ3TUHBAEtZ3fbEMgZMRNdN8A0Pj4x+5nTELEqL59DU0TjKVE6II3dqKw4Dklb3szT65w=="
      },
      "System.IO": {
        "type": "Transitive",
        "resolved": "4.3.0",
        "contentHash": "3qjaHvxQPDpSOYICjUoTsmoq5u6QJAFRUITgeT/4gqkF1bajbSmb1kwSxEA8AHlofqgcKJcM8udgieRNhaJ5Cg==",
        "dependencies": {
          "Microsoft.NETCore.Platforms": "1.1.0",
          "Microsoft.NETCore.Targets": "1.1.0",
          "System.Runtime": "4.3.0",
          "System.Text.Encoding": "4.3.0",
          "System.Threading.Tasks": "4.3.0",
          "runtime.any.System.IO": "4.3.0"
        }
      },
      "System.Management": {
        "type": "Transitive",
        "resolved": "9.0.0",
        "contentHash": "bVh4xAMI5grY5GZoklKcMBLirhC8Lqzp63Ft3zXJacwGAlLyFdF4k0qz4pnKIlO6HyL2Z4zqmHm9UkzEo6FFsA==",
        "dependencies": {
          "System.CodeDom": "9.0.0"
        }
      },
      "System.Private.Uri": {
        "type": "Transitive",
        "resolved": "4.3.0",
        "contentHash": "I4SwANiUGho1esj4V4oSlPllXjzCZDE+5XXso2P03LW2vOda2Enzh8DWOxwN6hnrJyp314c7KuVu31QYhRzOGg==",
        "dependencies": {
          "Microsoft.NETCore.Platforms": "1.1.0",
          "Microsoft.NETCore.Targets": "1.1.0"
        }
      },
      "System.Reflection": {
        "type": "Transitive",
        "resolved": "4.3.0",
        "contentHash": "KMiAFoW7MfJGa9nDFNcfu+FpEdiHpWgTcS2HdMpDvt9saK3y/G4GwprPyzqjFH9NTaGPQeWNHU+iDlDILj96aQ==",
        "dependencies": {
          "Microsoft.NETCore.Platforms": "1.1.0",
          "Microsoft.NETCore.Targets": "1.1.0",
          "System.IO": "4.3.0",
          "System.Reflection.Primitives": "4.3.0",
          "System.Runtime": "4.3.0",
          "runtime.any.System.Reflection": "4.3.0"
        }
      },
      "System.Reflection.Primitives": {
        "type": "Transitive",
        "resolved": "4.3.0",
        "contentHash": "5RXItQz5As4xN2/YUDxdpsEkMhvw3e6aNveFXUn4Hl/udNTCNhnKp8lT9fnc3MhvGKh1baak5CovpuQUXHAlIA==",
        "dependencies": {
          "Microsoft.NETCore.Platforms": "1.1.0",
          "Microsoft.NETCore.Targets": "1.1.0",
          "System.Runtime": "4.3.0",
          "runtime.any.System.Reflection.Primitives": "4.3.0"
        }
      },
      "System.Runtime": {
        "type": "Transitive",
        "resolved": "4.3.1",
        "contentHash": "abhfv1dTK6NXOmu4bgHIONxHyEqFjW8HwXPmpY9gmll+ix9UNo4XDcmzJn6oLooftxNssVHdJC1pGT9jkSynQg==",
        "dependencies": {
          "Microsoft.NETCore.Platforms": "1.1.1",
          "Microsoft.NETCore.Targets": "1.1.3",
          "runtime.any.System.Runtime": "4.3.0"
        }
      },
      "System.Runtime.Handles": {
        "type": "Transitive",
        "resolved": "4.3.0",
        "contentHash": "OKiSUN7DmTWeYb3l51A7EYaeNMnvxwE249YtZz7yooT4gOZhmTjIn48KgSsw2k2lYdLgTKNJw/ZIfSElwDRVgg==",
        "dependencies": {
          "Microsoft.NETCore.Platforms": "1.1.0",
          "Microsoft.NETCore.Targets": "1.1.0",
          "System.Runtime": "4.3.0",
          "runtime.any.System.Runtime.Handles": "4.3.0"
        }
      },
      "System.Runtime.InteropServices": {
        "type": "Transitive",
        "resolved": "4.3.0",
        "contentHash": "uv1ynXqiMK8mp1GM3jDqPCFN66eJ5w5XNomaK2XD+TuCroNTLFGeZ+WCmBMcBDyTFKou3P6cR6J/QsaqDp7fGQ==",
        "dependencies": {
          "Microsoft.NETCore.Platforms": "1.1.0",
          "Microsoft.NETCore.Targets": "1.1.0",
          "System.Reflection": "4.3.0",
          "System.Reflection.Primitives": "4.3.0",
          "System.Runtime": "4.3.0",
          "System.Runtime.Handles": "4.3.0",
          "runtime.any.System.Runtime.InteropServices": "4.3.0"
        }
      },
      "System.Text.Encoding": {
        "type": "Transitive",
        "resolved": "4.3.0",
        "contentHash": "BiIg+KWaSDOITze6jGQynxg64naAPtqGHBwDrLaCtixsa5bKiR8dpPOHA7ge3C0JJQizJE+sfkz1wV+BAKAYZw==",
        "dependencies": {
          "Microsoft.NETCore.Platforms": "1.1.0",
          "Microsoft.NETCore.Targets": "1.1.0",
          "System.Runtime": "4.3.0",
          "runtime.any.System.Text.Encoding": "4.3.0"
        }
      },
      "System.Threading.Tasks": {
        "type": "Transitive",
        "resolved": "4.3.0",
        "contentHash": "LbSxKEdOUhVe8BezB/9uOGGppt+nZf6e1VFyw6v3DN6lqitm0OSn2uXMOdtP0M3W4iMcqcivm2J6UgqiwwnXiA==",
        "dependencies": {
          "Microsoft.NETCore.Platforms": "1.1.0",
          "Microsoft.NETCore.Targets": "1.1.0",
          "System.Runtime": "4.3.0",
          "runtime.any.System.Threading.Tasks": "4.3.0"
        }
      }
    }
  }
}